// !$*UTF8*$!
{
	archiveVersion = 1;
	classes = {
	};
	objectVersion = 46;
	objects = {

/* Begin PBXBuildFile section */
		2D08BA51171DFF6800A1833A /* SlotMachine.m in Sources */ = {isa = PBXBuildFile; fileRef = 2D08BA50171DFF6800A1833A /* SlotMachine.m */; };
		2D08BA53171E08CD00A1833A /* SlotMachine.storyboard in Resources */ = {isa = PBXBuildFile; fileRef = 2D08BA52171E08CD00A1833A /* SlotMachine.storyboard */; };
		2D08BA56171E099100A1833A /* SlotMachineViewController.m in Sources */ = {isa = PBXBuildFile; fileRef = 2D08BA55171E099100A1833A /* SlotMachineViewController.m */; };
		2D3539601777A89D00FE56DB /* iAd.framework in Frameworks */ = {isa = PBXBuildFile; fileRef = 2D35395F1777A89D00FE56DB /* iAd.framework */; };
		2D62E2751718CDC700624AE1 /* FacebookSDK.framework in Frameworks */ = {isa = PBXBuildFile; fileRef = 2D62E2741718CDC700624AE1 /* FacebookSDK.framework */; };
		2D62E27A1718D15E00624AE1 /* libsqlite3.0.dylib in Frameworks */ = {isa = PBXBuildFile; fileRef = 2D62E2791718D15E00624AE1 /* libsqlite3.0.dylib */; };
		2D9DC5D8171F18D800A72D56 /* SlotView.m in Sources */ = {isa = PBXBuildFile; fileRef = 2D9DC5D7171F18D700A72D56 /* SlotView.m */; };
		2D9ECF21174970BC00D150FC /* pipe@2x.png in Resources */ = {isa = PBXBuildFile; fileRef = 2D9ECF20174970BC00D150FC /* pipe@2x.png */; };
		2D9ECF231749935700D150FC /* pipe_bones@2x.png in Resources */ = {isa = PBXBuildFile; fileRef = 2D9ECF221749935700D150FC /* pipe_bones@2x.png */; };
		2DA43AD21777913900979D66 /* MBProgressHUD.m in Sources */ = {isa = PBXBuildFile; fileRef = 2DA43AD11777913900979D66 /* MBProgressHUD.m */; };
		2DCACAF81758420B00086DDC /* facebook_login_btn1.png in Resources */ = {isa = PBXBuildFile; fileRef = 2DCACAF01758420B00086DDC /* facebook_login_btn1.png */; };
		2DCACAF91758420B00086DDC /* facebook_login_btn2.png in Resources */ = {isa = PBXBuildFile; fileRef = 2DCACAF11758420B00086DDC /* facebook_login_btn2.png */; };
		2DCACAFA1758420B00086DDC /* login_pup_01.png in Resources */ = {isa = PBXBuildFile; fileRef = 2DCACAF21758420B00086DDC /* login_pup_01.png */; };
		2DCACAFB1758420B00086DDC /* login_pup_02.png in Resources */ = {isa = PBXBuildFile; fileRef = 2DCACAF31758420B00086DDC /* login_pup_02.png */; };
		2DCACAFC1758420B00086DDC /* login_pup_03.png in Resources */ = {isa = PBXBuildFile; fileRef = 2DCACAF41758420B00086DDC /* login_pup_03.png */; };
		2DCACAFD1758420B00086DDC /* login_pup_04.png in Resources */ = {isa = PBXBuildFile; fileRef = 2DCACAF51758420B00086DDC /* login_pup_04.png */; };
		2DCACAFE1758420B00086DDC /* login_skip1.png in Resources */ = {isa = PBXBuildFile; fileRef = 2DCACAF61758420B00086DDC /* login_skip1.png */; };
		2DCACAFF1758420B00086DDC /* login_skip2.png in Resources */ = {isa = PBXBuildFile; fileRef = 2DCACAF71758420B00086DDC /* login_skip2.png */; };
		2DCACB031758455400086DDC /* login_bg.png in Resources */ = {isa = PBXBuildFile; fileRef = 2DCACB021758455400086DDC /* login_bg.png */; };
		2DCACB06175846E400086DDC /* UIImageView+AnimateImages.m in Sources */ = {isa = PBXBuildFile; fileRef = 2DCACB05175846E400086DDC /* UIImageView+AnimateImages.m */; };
		2DCB3372173459C7007E8636 /* 3bone_slot@2x.png in Resources */ = {isa = PBXBuildFile; fileRef = 2DCB333A173459C7007E8636 /* 3bone_slot@2x.png */; };
		2DCB3373173459C7007E8636 /* ball_slot@2x.png in Resources */ = {isa = PBXBuildFile; fileRef = 2DCB333B173459C7007E8636 /* ball_slot@2x.png */; };
		2DCB3374173459C7007E8636 /* bone_slot@2x.png in Resources */ = {isa = PBXBuildFile; fileRef = 2DCB333C173459C7007E8636 /* bone_slot@2x.png */; };
		2DCB3375173459C7007E8636 /* bowl01@2x.png in Resources */ = {isa = PBXBuildFile; fileRef = 2DCB333D173459C7007E8636 /* bowl01@2x.png */; };
		2DCB3376173459C7007E8636 /* bowl02@2x.png in Resources */ = {isa = PBXBuildFile; fileRef = 2DCB333E173459C7007E8636 /* bowl02@2x.png */; };
		2DCB3377173459C7007E8636 /* bowl03@2x.png in Resources */ = {isa = PBXBuildFile; fileRef = 2DCB333F173459C7007E8636 /* bowl03@2x.png */; };
		2DCB3378173459C7007E8636 /* bowl04@2x.png in Resources */ = {isa = PBXBuildFile; fileRef = 2DCB3340173459C7007E8636 /* bowl04@2x.png */; };
		2DCB3379173459C7007E8636 /* bowl05@2x.png in Resources */ = {isa = PBXBuildFile; fileRef = 2DCB3341173459C7007E8636 /* bowl05@2x.png */; };
		2DCB337A173459C7007E8636 /* Case@2x.png in Resources */ = {isa = PBXBuildFile; fileRef = 2DCB3342173459C7007E8636 /* Case@2x.png */; };
		2DCB337B173459C7007E8636 /* cat_slot@2x.png in Resources */ = {isa = PBXBuildFile; fileRef = 2DCB3343173459C7007E8636 /* cat_slot@2x.png */; };
		2DCB337C173459C7007E8636 /* collar_slot@2x.png in Resources */ = {isa = PBXBuildFile; fileRef = 2DCB3344173459C7007E8636 /* collar_slot@2x.png */; };
		2DCB337D173459C7007E8636 /* falling_bone@2x.png in Resources */ = {isa = PBXBuildFile; fileRef = 2DCB3345173459C7007E8636 /* falling_bone@2x.png */; };
		2DCB337E173459C7007E8636 /* happy_slots_01@2x.png in Resources */ = {isa = PBXBuildFile; fileRef = 2DCB3346173459C7007E8636 /* happy_slots_01@2x.png */; };
		2DCB337F173459C7007E8636 /* happy_slots_02@2x.png in Resources */ = {isa = PBXBuildFile; fileRef = 2DCB3347173459C7007E8636 /* happy_slots_02@2x.png */; };
		2DCB3380173459C7007E8636 /* happy_slots_03@2x.png in Resources */ = {isa = PBXBuildFile; fileRef = 2DCB3348173459C7007E8636 /* happy_slots_03@2x.png */; };
		2DCB3381173459C7007E8636 /* happy_slots_04@2x.png in Resources */ = {isa = PBXBuildFile; fileRef = 2DCB3349173459C7007E8636 /* happy_slots_04@2x.png */; };
		2DCB3382173459C7007E8636 /* happy_slots_05@2x.png in Resources */ = {isa = PBXBuildFile; fileRef = 2DCB334A173459C7007E8636 /* happy_slots_05@2x.png */; };
		2DCB3383173459C7007E8636 /* happy_slots_06@2x.png in Resources */ = {isa = PBXBuildFile; fileRef = 2DCB334B173459C7007E8636 /* happy_slots_06@2x.png */; };
		2DCB3384173459C7007E8636 /* happy_slots_07@2x.png in Resources */ = {isa = PBXBuildFile; fileRef = 2DCB334C173459C7007E8636 /* happy_slots_07@2x.png */; };
		2DCB3385173459C7007E8636 /* happy_slots_08@2x.png in Resources */ = {isa = PBXBuildFile; fileRef = 2DCB334D173459C7007E8636 /* happy_slots_08@2x.png */; };
		2DCB3386173459C7007E8636 /* happy_slots_09@2x.png in Resources */ = {isa = PBXBuildFile; fileRef = 2DCB334E173459C7007E8636 /* happy_slots_09@2x.png */; };
		2DCB3387173459C7007E8636 /* happy_slots_10@2x.png in Resources */ = {isa = PBXBuildFile; fileRef = 2DCB334F173459C7007E8636 /* happy_slots_10@2x.png */; };
		2DCB3388173459C7007E8636 /* happy_slots_11@2x.png in Resources */ = {isa = PBXBuildFile; fileRef = 2DCB3350173459C7007E8636 /* happy_slots_11@2x.png */; };
		2DCB3389173459C7007E8636 /* idle_slots_01@2x.png in Resources */ = {isa = PBXBuildFile; fileRef = 2DCB3351173459C7007E8636 /* idle_slots_01@2x.png */; };
		2DCB338A173459C7007E8636 /* idle_slots_02@2x.png in Resources */ = {isa = PBXBuildFile; fileRef = 2DCB3352173459C7007E8636 /* idle_slots_02@2x.png */; };
		2DCB338B173459C7007E8636 /* idle_slots_03@2x.png in Resources */ = {isa = PBXBuildFile; fileRef = 2DCB3353173459C7007E8636 /* idle_slots_03@2x.png */; };
		2DCB338C173459C7007E8636 /* idle_slots_04@2x.png in Resources */ = {isa = PBXBuildFile; fileRef = 2DCB3354173459C7007E8636 /* idle_slots_04@2x.png */; };
		2DCB338D173459C7007E8636 /* lever01@2x.png in Resources */ = {isa = PBXBuildFile; fileRef = 2DCB3355173459C7007E8636 /* lever01@2x.png */; };
		2DCB338E173459C7007E8636 /* lever02@2x.png in Resources */ = {isa = PBXBuildFile; fileRef = 2DCB3356173459C7007E8636 /* lever02@2x.png */; };
		2DCB338F173459C7007E8636 /* lever03@2x.png in Resources */ = {isa = PBXBuildFile; fileRef = 2DCB3357173459C7007E8636 /* lever03@2x.png */; };
		2DCB3390173459C7007E8636 /* lever04@2x.png in Resources */ = {isa = PBXBuildFile; fileRef = 2DCB3358173459C7007E8636 /* lever04@2x.png */; };
		2DCB3391173459C7007E8636 /* lever05@2x.png in Resources */ = {isa = PBXBuildFile; fileRef = 2DCB3359173459C7007E8636 /* lever05@2x.png */; };
		2DCB3392173459C7007E8636 /* lever06@2x.png in Resources */ = {isa = PBXBuildFile; fileRef = 2DCB335A173459C7007E8636 /* lever06@2x.png */; };
		2DCB3393173459C7007E8636 /* pipe_bones_01@2x.png in Resources */ = {isa = PBXBuildFile; fileRef = 2DCB335B173459C7007E8636 /* pipe_bones_01@2x.png */; };
		2DCB3394173459C7007E8636 /* pipe_bones_02@2x.png in Resources */ = {isa = PBXBuildFile; fileRef = 2DCB335C173459C7007E8636 /* pipe_bones_02@2x.png */; };
		2DCB3395173459C7007E8636 /* pipe_bones_03@2x.png in Resources */ = {isa = PBXBuildFile; fileRef = 2DCB335D173459C7007E8636 /* pipe_bones_03@2x.png */; };
		2DCB3396173459C7007E8636 /* pipe_bones_04@2x.png in Resources */ = {isa = PBXBuildFile; fileRef = 2DCB335E173459C7007E8636 /* pipe_bones_04@2x.png */; };
		2DCB3397173459C7007E8636 /* pipe_bones_05@2x.png in Resources */ = {isa = PBXBuildFile; fileRef = 2DCB335F173459C7007E8636 /* pipe_bones_05@2x.png */; };
		2DCB3398173459C7007E8636 /* pipe_bones_06@2x.png in Resources */ = {isa = PBXBuildFile; fileRef = 2DCB3360173459C7007E8636 /* pipe_bones_06@2x.png */; };
		2DCB3399173459C7007E8636 /* sad_slots_01@2x.png in Resources */ = {isa = PBXBuildFile; fileRef = 2DCB3361173459C7007E8636 /* sad_slots_01@2x.png */; };
		2DCB339A173459C7007E8636 /* sad_slots_02@2x.png in Resources */ = {isa = PBXBuildFile; fileRef = 2DCB3362173459C7007E8636 /* sad_slots_02@2x.png */; };
		2DCB339B173459C7007E8636 /* sad_slots_03@2x.png in Resources */ = {isa = PBXBuildFile; fileRef = 2DCB3363173459C7007E8636 /* sad_slots_03@2x.png */; };
		2DCB339C173459C7007E8636 /* sad_slots_04@2x.png in Resources */ = {isa = PBXBuildFile; fileRef = 2DCB3364173459C7007E8636 /* sad_slots_04@2x.png */; };
		2DCB339D173459C7007E8636 /* sad_slots_05@2x.png in Resources */ = {isa = PBXBuildFile; fileRef = 2DCB3365173459C7007E8636 /* sad_slots_05@2x.png */; };
		2DCB339E173459C7007E8636 /* sad_slots_06@2x.png in Resources */ = {isa = PBXBuildFile; fileRef = 2DCB3366173459C7007E8636 /* sad_slots_06@2x.png */; };
		2DCB339F173459C7007E8636 /* sad_slots_07@2x.png in Resources */ = {isa = PBXBuildFile; fileRef = 2DCB3367173459C7007E8636 /* sad_slots_07@2x.png */; };
		2DCB33A0173459C7007E8636 /* sad_slots_08@2x.png in Resources */ = {isa = PBXBuildFile; fileRef = 2DCB3368173459C7007E8636 /* sad_slots_08@2x.png */; };
		2DCB33A1173459C7007E8636 /* sad_slots_09@2x.png in Resources */ = {isa = PBXBuildFile; fileRef = 2DCB3369173459C7007E8636 /* sad_slots_09@2x.png */; };
		2DCB33A2173459C7007E8636 /* sad_slots_10@2x.png in Resources */ = {isa = PBXBuildFile; fileRef = 2DCB336A173459C7007E8636 /* sad_slots_10@2x.png */; };
		2DCB33A3173459C7007E8636 /* sad_slots_11@2x.png in Resources */ = {isa = PBXBuildFile; fileRef = 2DCB336B173459C7007E8636 /* sad_slots_11@2x.png */; };
		2DCB33A4173459C7007E8636 /* sad_slots_12@2x.png in Resources */ = {isa = PBXBuildFile; fileRef = 2DCB336C173459C7007E8636 /* sad_slots_12@2x.png */; };
		2DCB33A5173459C7007E8636 /* sad_slots_13@2x.png in Resources */ = {isa = PBXBuildFile; fileRef = 2DCB336D173459C7007E8636 /* sad_slots_13@2x.png */; };
		2DCB33A6173459C7007E8636 /* sad_slots_14@2x.png in Resources */ = {isa = PBXBuildFile; fileRef = 2DCB336E173459C7007E8636 /* sad_slots_14@2x.png */; };
		2DCB33A7173459C7007E8636 /* slider@2x.png in Resources */ = {isa = PBXBuildFile; fileRef = 2DCB336F173459C7007E8636 /* slider@2x.png */; };
		2DCB33A8173459C7007E8636 /* Slot_bg@2x.png in Resources */ = {isa = PBXBuildFile; fileRef = 2DCB3370173459C7007E8636 /* Slot_bg@2x.png */; };
		2DCB33A9173459C7007E8636 /* squirrel_slot@2x.png in Resources */ = {isa = PBXBuildFile; fileRef = 2DCB3371173459C7007E8636 /* squirrel_slot@2x.png */; };
		8A05977C171887B900C09EEA /* UIKit.framework in Frameworks */ = {isa = PBXBuildFile; fileRef = 8A05977B171887B900C09EEA /* UIKit.framework */; };
		8A05977E171887B900C09EEA /* Foundation.framework in Frameworks */ = {isa = PBXBuildFile; fileRef = 8A05977D171887B900C09EEA /* Foundation.framework */; };
		8A059780171887B900C09EEA /* CoreGraphics.framework in Frameworks */ = {isa = PBXBuildFile; fileRef = 8A05977F171887B900C09EEA /* CoreGraphics.framework */; };
		8A059786171887B900C09EEA /* InfoPlist.strings in Resources */ = {isa = PBXBuildFile; fileRef = 8A059784171887B900C09EEA /* InfoPlist.strings */; };
		8A059788171887B900C09EEA /* main.m in Sources */ = {isa = PBXBuildFile; fileRef = 8A059787171887B900C09EEA /* main.m */; };
		8A05978E171887B900C09EEA /* Default.png in Resources */ = {isa = PBXBuildFile; fileRef = 8A05978D171887B900C09EEA /* Default.png */; };
		8A059790171887B900C09EEA /* Default@2x.png in Resources */ = {isa = PBXBuildFile; fileRef = 8A05978F171887B900C09EEA /* Default@2x.png */; };
		8A059792171887B900C09EEA /* Default-568h@2x.png in Resources */ = {isa = PBXBuildFile; fileRef = 8A059791171887B900C09EEA /* Default-568h@2x.png */; };
		8A059795171887B900C09EEA /* MainStoryboard_iPhone.storyboard in Resources */ = {isa = PBXBuildFile; fileRef = 8A059793171887B900C09EEA /* MainStoryboard_iPhone.storyboard */; };
		8A059798171887B900C09EEA /* MainStoryboard_iPad.storyboard in Resources */ = {isa = PBXBuildFile; fileRef = 8A059796171887B900C09EEA /* MainStoryboard_iPad.storyboard */; };
		8A0597A2171887CA00C09EEA /* Parse.framework in Frameworks */ = {isa = PBXBuildFile; fileRef = 8A0597A1171887CA00C09EEA /* Parse.framework */; };
		8A0597A41718884600C09EEA /* AudioToolbox.framework in Frameworks */ = {isa = PBXBuildFile; fileRef = 8A0597A31718884600C09EEA /* AudioToolbox.framework */; };
		8A0597A61718884D00C09EEA /* CFNetwork.framework in Frameworks */ = {isa = PBXBuildFile; fileRef = 8A0597A51718884D00C09EEA /* CFNetwork.framework */; };
		8A0597A81718885E00C09EEA /* CoreLocation.framework in Frameworks */ = {isa = PBXBuildFile; fileRef = 8A0597A71718885E00C09EEA /* CoreLocation.framework */; };
		8A0597AA1718886600C09EEA /* libz.1.1.3.dylib in Frameworks */ = {isa = PBXBuildFile; fileRef = 8A0597A91718886600C09EEA /* libz.1.1.3.dylib */; };
		8A0597AC1718886E00C09EEA /* MobileCoreServices.framework in Frameworks */ = {isa = PBXBuildFile; fileRef = 8A0597AB1718886E00C09EEA /* MobileCoreServices.framework */; };
		8A0597AE1718887600C09EEA /* QuartzCore.framework in Frameworks */ = {isa = PBXBuildFile; fileRef = 8A0597AD1718887600C09EEA /* QuartzCore.framework */; };
		8A0597B01718887D00C09EEA /* Security.framework in Frameworks */ = {isa = PBXBuildFile; fileRef = 8A0597AF1718887D00C09EEA /* Security.framework */; };
		8A0597B21718888400C09EEA /* StoreKit.framework in Frameworks */ = {isa = PBXBuildFile; fileRef = 8A0597B11718888400C09EEA /* StoreKit.framework */; };
		8A0597B41718888B00C09EEA /* SystemConfiguration.framework in Frameworks */ = {isa = PBXBuildFile; fileRef = 8A0597B31718888B00C09EEA /* SystemConfiguration.framework */; };
		8A0597B6171888ED00C09EEA /* AdSupport.framework in Frameworks */ = {isa = PBXBuildFile; fileRef = 8A0597B5171888ED00C09EEA /* AdSupport.framework */; settings = {ATTRIBUTES = (Weak, ); }; };
		8A0597B81718890200C09EEA /* Social.framework in Frameworks */ = {isa = PBXBuildFile; fileRef = 8A0597B71718890200C09EEA /* Social.framework */; settings = {ATTRIBUTES = (Weak, ); }; };
		8A0597BA1718890D00C09EEA /* Accounts.framework in Frameworks */ = {isa = PBXBuildFile; fileRef = 8A0597B91718890D00C09EEA /* Accounts.framework */; settings = {ATTRIBUTES = (Weak, ); }; };
		8A443515175C43A000C61FDD /* fb_life_down.png in Resources */ = {isa = PBXBuildFile; fileRef = 8A443513175C43A000C61FDD /* fb_life_down.png */; };
		8A443516175C43A000C61FDD /* fb_life.png in Resources */ = {isa = PBXBuildFile; fileRef = 8A443514175C43A000C61FDD /* fb_life.png */; };
		8A443519175C43AA00C61FDD /* fb_life_@2x.png in Resources */ = {isa = PBXBuildFile; fileRef = 8A443517175C43AA00C61FDD /* fb_life_@2x.png */; };
		8A44351A175C43AA00C61FDD /* fb_life_down@2x.png in Resources */ = {isa = PBXBuildFile; fileRef = 8A443518175C43AA00C61FDD /* fb_life_down@2x.png */; };
		8A47AD91171C6EFC00283AF9 /* AppDelegate.m in Sources */ = {isa = PBXBuildFile; fileRef = 8A47AD85171C6EFC00283AF9 /* AppDelegate.m */; };
		8A47AD94171C6EFC00283AF9 /* LetterButton.m in Sources */ = {isa = PBXBuildFile; fileRef = 8A47AD8B171C6EFC00283AF9 /* LetterButton.m */; };
		8A47AD97171C6EFC00283AF9 /* WordObj.m in Sources */ = {isa = PBXBuildFile; fileRef = 8A47AD90171C6EFC00283AF9 /* WordObj.m */; };
		8A47AD9F171C6F4000283AF9 /* GuessViewController.m in Sources */ = {isa = PBXBuildFile; fileRef = 8A47AD9A171C6F4000283AF9 /* GuessViewController.m */; };
		8A47ADA1171C6F4000283AF9 /* LoginViewController.m in Sources */ = {isa = PBXBuildFile; fileRef = 8A47AD9E171C6F4000283AF9 /* LoginViewController.m */; };
		8A47ADAA171CA2EC00283AF9 /* CoinsController.m in Sources */ = {isa = PBXBuildFile; fileRef = 8A47ADA9171CA2EC00283AF9 /* CoinsController.m */; };
		8A67F4E6171B8BA8005385C2 /* WordAndHints.plist in Resources */ = {isa = PBXBuildFile; fileRef = 8A67F4E5171B8BA8005385C2 /* WordAndHints.plist */; };
		8A7DA41717271F7A0091249C /* clear_btn1.png in Resources */ = {isa = PBXBuildFile; fileRef = 8A7DA3FA17271F7A0091249C /* clear_btn1.png */; };
		8A7DA41817271F7A0091249C /* clear_btn2.png in Resources */ = {isa = PBXBuildFile; fileRef = 8A7DA3FB17271F7A0091249C /* clear_btn2.png */; };
		8A7DA41917271F7A0091249C /* empty_slot.png in Resources */ = {isa = PBXBuildFile; fileRef = 8A7DA3FC17271F7A0091249C /* empty_slot.png */; };
		8A7DA41A17271F7A0091249C /* fb_btn1.png in Resources */ = {isa = PBXBuildFile; fileRef = 8A7DA3FD17271F7A0091249C /* fb_btn1.png */; };
		8A7DA41B17271F7A0091249C /* fb_btn2.png in Resources */ = {isa = PBXBuildFile; fileRef = 8A7DA3FE17271F7A0091249C /* fb_btn2.png */; };
		8A7DA41C17271F7A0091249C /* gamePlay_bg.png in Resources */ = {isa = PBXBuildFile; fileRef = 8A7DA3FF17271F7A0091249C /* gamePlay_bg.png */; };
		8A7DA41D17271F7A0091249C /* hint_btn1.png in Resources */ = {isa = PBXBuildFile; fileRef = 8A7DA40017271F7A0091249C /* hint_btn1.png */; };
		8A7DA41E17271F7A0091249C /* hint_btn2.png in Resources */ = {isa = PBXBuildFile; fileRef = 8A7DA40117271F7A0091249C /* hint_btn2.png */; };
		8A7DA41F17271F7A0091249C /* home_btn1.png in Resources */ = {isa = PBXBuildFile; fileRef = 8A7DA40217271F7A0091249C /* home_btn1.png */; };
		8A7DA42017271F7A0091249C /* home_btn2.png in Resources */ = {isa = PBXBuildFile; fileRef = 8A7DA40317271F7A0091249C /* home_btn2.png */; };
		8A7DA42117271F7A0091249C /* letter_btn1.png in Resources */ = {isa = PBXBuildFile; fileRef = 8A7DA40417271F7A0091249C /* letter_btn1.png */; };
		8A7DA42217271F7A0091249C /* letter_btn2.png in Resources */ = {isa = PBXBuildFile; fileRef = 8A7DA40517271F7A0091249C /* letter_btn2.png */; };
		8A7DA42317271F7A0091249C /* placed_letter_btn.png in Resources */ = {isa = PBXBuildFile; fileRef = 8A7DA40617271F7A0091249C /* placed_letter_btn.png */; };
		8A7DA42417271F7A0091249C /* puppy_01.png in Resources */ = {isa = PBXBuildFile; fileRef = 8A7DA40717271F7A0091249C /* puppy_01.png */; };
		8A7DA42517271F7A0091249C /* clear_btn1@2x.png in Resources */ = {isa = PBXBuildFile; fileRef = 8A7DA40917271F7A0091249C /* clear_btn1@2x.png */; };
		8A7DA42617271F7A0091249C /* clear_btn2@2x.png in Resources */ = {isa = PBXBuildFile; fileRef = 8A7DA40A17271F7A0091249C /* clear_btn2@2x.png */; };
		8A7DA42717271F7A0091249C /* empty_slot@2x.png in Resources */ = {isa = PBXBuildFile; fileRef = 8A7DA40B17271F7A0091249C /* empty_slot@2x.png */; };
		8A7DA42817271F7A0091249C /* fb_btn1@2x.png in Resources */ = {isa = PBXBuildFile; fileRef = 8A7DA40C17271F7A0091249C /* fb_btn1@2x.png */; };
		8A7DA42917271F7A0091249C /* fb_btn2@2x.png in Resources */ = {isa = PBXBuildFile; fileRef = 8A7DA40D17271F7A0091249C /* fb_btn2@2x.png */; };
		8A7DA42A17271F7A0091249C /* gamePlay_bg@2x.png in Resources */ = {isa = PBXBuildFile; fileRef = 8A7DA40E17271F7A0091249C /* gamePlay_bg@2x.png */; };
		8A7DA42B17271F7A0091249C /* hint_btn1@2x.png in Resources */ = {isa = PBXBuildFile; fileRef = 8A7DA40F17271F7A0091249C /* hint_btn1@2x.png */; };
		8A7DA42C17271F7A0091249C /* hint_btn2@2x.png in Resources */ = {isa = PBXBuildFile; fileRef = 8A7DA41017271F7A0091249C /* hint_btn2@2x.png */; };
		8A7DA42D17271F7A0091249C /* home_btn1@2x.png in Resources */ = {isa = PBXBuildFile; fileRef = 8A7DA41117271F7A0091249C /* home_btn1@2x.png */; };
		8A7DA42E17271F7A0091249C /* home_btn2@2xpng.png in Resources */ = {isa = PBXBuildFile; fileRef = 8A7DA41217271F7A0091249C /* home_btn2@2xpng.png */; };
		8A7DA42F17271F7A0091249C /* letter_btn1@2x.png in Resources */ = {isa = PBXBuildFile; fileRef = 8A7DA41317271F7A0091249C /* letter_btn1@2x.png */; };
		8A7DA43017271F7A0091249C /* letter_btn2@2x.png in Resources */ = {isa = PBXBuildFile; fileRef = 8A7DA41417271F7A0091249C /* letter_btn2@2x.png */; };
		8A7DA43117271F7A0091249C /* placed_letter_btn@2x.png in Resources */ = {isa = PBXBuildFile; fileRef = 8A7DA41517271F7A0091249C /* placed_letter_btn@2x.png */; };
		8A7DA43217271F7A0091249C /* puppy_01@2x.png in Resources */ = {isa = PBXBuildFile; fileRef = 8A7DA41617271F7A0091249C /* puppy_01@2x.png */; };
		8A7DA43517272C410091249C /* LuckiestGuy.ttf in Resources */ = {isa = PBXBuildFile; fileRef = 8A7DA43417272C410091249C /* LuckiestGuy.ttf */; };
		8A7DA438172754D70091249C /* BlankSlot.m in Sources */ = {isa = PBXBuildFile; fileRef = 8A7DA437172754D70091249C /* BlankSlot.m */; };
/* End PBXBuildFile section */

/* Begin PBXFileReference section */
		2D08BA4F171DFF6800A1833A /* SlotMachine.h */ = {isa = PBXFileReference; fileEncoding = 4; lastKnownFileType = sourcecode.c.h; path = SlotMachine.h; sourceTree = "<group>"; };
		2D08BA50171DFF6800A1833A /* SlotMachine.m */ = {isa = PBXFileReference; fileEncoding = 4; lastKnownFileType = sourcecode.c.objc; path = SlotMachine.m; sourceTree = "<group>"; };
		2D08BA52171E08CD00A1833A /* SlotMachine.storyboard */ = {isa = PBXFileReference; fileEncoding = 4; lastKnownFileType = file.storyboard; name = SlotMachine.storyboard; path = ../../SlotMachine.storyboard; sourceTree = "<group>"; };
		2D08BA54171E099100A1833A /* SlotMachineViewController.h */ = {isa = PBXFileReference; fileEncoding = 4; lastKnownFileType = sourcecode.c.h; path = SlotMachineViewController.h; sourceTree = "<group>"; };
		2D08BA55171E099100A1833A /* SlotMachineViewController.m */ = {isa = PBXFileReference; fileEncoding = 4; lastKnownFileType = sourcecode.c.objc; path = SlotMachineViewController.m; sourceTree = "<group>"; };
		2D35395F1777A89D00FE56DB /* iAd.framework */ = {isa = PBXFileReference; lastKnownFileType = wrapper.framework; name = iAd.framework; path = System/Library/Frameworks/iAd.framework; sourceTree = SDKROOT; };
		2D62E2741718CDC700624AE1 /* FacebookSDK.framework */ = {isa = PBXFileReference; lastKnownFileType = wrapper.framework; path = FacebookSDK.framework; sourceTree = "<group>"; };
		2D62E2791718D15E00624AE1 /* libsqlite3.0.dylib */ = {isa = PBXFileReference; lastKnownFileType = "compiled.mach-o.dylib"; name = libsqlite3.0.dylib; path = usr/lib/libsqlite3.0.dylib; sourceTree = SDKROOT; };
		2D9DC5D6171F18D700A72D56 /* SlotView.h */ = {isa = PBXFileReference; fileEncoding = 4; lastKnownFileType = sourcecode.c.h; path = SlotView.h; sourceTree = "<group>"; };
		2D9DC5D7171F18D700A72D56 /* SlotView.m */ = {isa = PBXFileReference; fileEncoding = 4; lastKnownFileType = sourcecode.c.objc; path = SlotView.m; sourceTree = "<group>"; };
		2D9ECF20174970BC00D150FC /* pipe@2x.png */ = {isa = PBXFileReference; lastKnownFileType = image.png; name = "pipe@2x.png"; path = "SlotMachine/pipe@2x.png"; sourceTree = "<group>"; };
		2D9ECF221749935700D150FC /* pipe_bones@2x.png */ = {isa = PBXFileReference; lastKnownFileType = image.png; name = "pipe_bones@2x.png"; path = "SlotMachine/pipe_bones@2x.png"; sourceTree = "<group>"; };
		2DA43AD01777913900979D66 /* MBProgressHUD.h */ = {isa = PBXFileReference; fileEncoding = 4; lastKnownFileType = sourcecode.c.h; name = MBProgressHUD.h; path = Global/MBProgressHUD.h; sourceTree = "<group>"; };
		2DA43AD11777913900979D66 /* MBProgressHUD.m */ = {isa = PBXFileReference; fileEncoding = 4; lastKnownFileType = sourcecode.c.objc; name = MBProgressHUD.m; path = Global/MBProgressHUD.m; sourceTree = "<group>"; };
		2DCACAF01758420B00086DDC /* facebook_login_btn1.png */ = {isa = PBXFileReference; lastKnownFileType = image.png; name = facebook_login_btn1.png; path = login/facebook_login_btn1.png; sourceTree = "<group>"; };
		2DCACAF11758420B00086DDC /* facebook_login_btn2.png */ = {isa = PBXFileReference; lastKnownFileType = image.png; name = facebook_login_btn2.png; path = login/facebook_login_btn2.png; sourceTree = "<group>"; };
		2DCACAF21758420B00086DDC /* login_pup_01.png */ = {isa = PBXFileReference; lastKnownFileType = image.png; name = login_pup_01.png; path = login/login_pup_01.png; sourceTree = "<group>"; };
		2DCACAF31758420B00086DDC /* login_pup_02.png */ = {isa = PBXFileReference; lastKnownFileType = image.png; name = login_pup_02.png; path = login/login_pup_02.png; sourceTree = "<group>"; };
		2DCACAF41758420B00086DDC /* login_pup_03.png */ = {isa = PBXFileReference; lastKnownFileType = image.png; name = login_pup_03.png; path = login/login_pup_03.png; sourceTree = "<group>"; };
		2DCACAF51758420B00086DDC /* login_pup_04.png */ = {isa = PBXFileReference; lastKnownFileType = image.png; name = login_pup_04.png; path = login/login_pup_04.png; sourceTree = "<group>"; };
		2DCACAF61758420B00086DDC /* login_skip1.png */ = {isa = PBXFileReference; lastKnownFileType = image.png; name = login_skip1.png; path = login/login_skip1.png; sourceTree = "<group>"; };
		2DCACAF71758420B00086DDC /* login_skip2.png */ = {isa = PBXFileReference; lastKnownFileType = image.png; name = login_skip2.png; path = login/login_skip2.png; sourceTree = "<group>"; };
		2DCACB021758455400086DDC /* login_bg.png */ = {isa = PBXFileReference; lastKnownFileType = image.png; name = login_bg.png; path = login/login_bg.png; sourceTree = "<group>"; };
		2DCACB04175846E400086DDC /* UIImageView+AnimateImages.h */ = {isa = PBXFileReference; fileEncoding = 4; lastKnownFileType = sourcecode.c.h; path = "UIImageView+AnimateImages.h"; sourceTree = "<group>"; };
		2DCACB05175846E400086DDC /* UIImageView+AnimateImages.m */ = {isa = PBXFileReference; fileEncoding = 4; lastKnownFileType = sourcecode.c.objc; path = "UIImageView+AnimateImages.m"; sourceTree = "<group>"; };
		2DCB333A173459C7007E8636 /* 3bone_slot@2x.png */ = {isa = PBXFileReference; lastKnownFileType = image.png; name = "3bone_slot@2x.png"; path = "SlotMachine/3bone_slot@2x.png"; sourceTree = "<group>"; };
		2DCB333B173459C7007E8636 /* ball_slot@2x.png */ = {isa = PBXFileReference; lastKnownFileType = image.png; name = "ball_slot@2x.png"; path = "SlotMachine/ball_slot@2x.png"; sourceTree = "<group>"; };
		2DCB333C173459C7007E8636 /* bone_slot@2x.png */ = {isa = PBXFileReference; lastKnownFileType = image.png; name = "bone_slot@2x.png"; path = "SlotMachine/bone_slot@2x.png"; sourceTree = "<group>"; };
		2DCB333D173459C7007E8636 /* bowl01@2x.png */ = {isa = PBXFileReference; lastKnownFileType = image.png; name = "bowl01@2x.png"; path = "SlotMachine/bowl01@2x.png"; sourceTree = "<group>"; };
		2DCB333E173459C7007E8636 /* bowl02@2x.png */ = {isa = PBXFileReference; lastKnownFileType = image.png; name = "bowl02@2x.png"; path = "SlotMachine/bowl02@2x.png"; sourceTree = "<group>"; };
		2DCB333F173459C7007E8636 /* bowl03@2x.png */ = {isa = PBXFileReference; lastKnownFileType = image.png; name = "bowl03@2x.png"; path = "SlotMachine/bowl03@2x.png"; sourceTree = "<group>"; };
		2DCB3340173459C7007E8636 /* bowl04@2x.png */ = {isa = PBXFileReference; lastKnownFileType = image.png; name = "bowl04@2x.png"; path = "SlotMachine/bowl04@2x.png"; sourceTree = "<group>"; };
		2DCB3341173459C7007E8636 /* bowl05@2x.png */ = {isa = PBXFileReference; lastKnownFileType = image.png; name = "bowl05@2x.png"; path = "SlotMachine/bowl05@2x.png"; sourceTree = "<group>"; };
		2DCB3342173459C7007E8636 /* Case@2x.png */ = {isa = PBXFileReference; lastKnownFileType = image.png; name = "Case@2x.png"; path = "SlotMachine/Case@2x.png"; sourceTree = "<group>"; };
		2DCB3343173459C7007E8636 /* cat_slot@2x.png */ = {isa = PBXFileReference; lastKnownFileType = image.png; name = "cat_slot@2x.png"; path = "SlotMachine/cat_slot@2x.png"; sourceTree = "<group>"; };
		2DCB3344173459C7007E8636 /* collar_slot@2x.png */ = {isa = PBXFileReference; lastKnownFileType = image.png; name = "collar_slot@2x.png"; path = "SlotMachine/collar_slot@2x.png"; sourceTree = "<group>"; };
		2DCB3345173459C7007E8636 /* falling_bone@2x.png */ = {isa = PBXFileReference; lastKnownFileType = image.png; name = "falling_bone@2x.png"; path = "SlotMachine/falling_bone@2x.png"; sourceTree = "<group>"; };
		2DCB3346173459C7007E8636 /* happy_slots_01@2x.png */ = {isa = PBXFileReference; lastKnownFileType = image.png; name = "happy_slots_01@2x.png"; path = "SlotMachine/happy_slots_01@2x.png"; sourceTree = "<group>"; };
		2DCB3347173459C7007E8636 /* happy_slots_02@2x.png */ = {isa = PBXFileReference; lastKnownFileType = image.png; name = "happy_slots_02@2x.png"; path = "SlotMachine/happy_slots_02@2x.png"; sourceTree = "<group>"; };
		2DCB3348173459C7007E8636 /* happy_slots_03@2x.png */ = {isa = PBXFileReference; lastKnownFileType = image.png; name = "happy_slots_03@2x.png"; path = "SlotMachine/happy_slots_03@2x.png"; sourceTree = "<group>"; };
		2DCB3349173459C7007E8636 /* happy_slots_04@2x.png */ = {isa = PBXFileReference; lastKnownFileType = image.png; name = "happy_slots_04@2x.png"; path = "SlotMachine/happy_slots_04@2x.png"; sourceTree = "<group>"; };
		2DCB334A173459C7007E8636 /* happy_slots_05@2x.png */ = {isa = PBXFileReference; lastKnownFileType = image.png; name = "happy_slots_05@2x.png"; path = "SlotMachine/happy_slots_05@2x.png"; sourceTree = "<group>"; };
		2DCB334B173459C7007E8636 /* happy_slots_06@2x.png */ = {isa = PBXFileReference; lastKnownFileType = image.png; name = "happy_slots_06@2x.png"; path = "SlotMachine/happy_slots_06@2x.png"; sourceTree = "<group>"; };
		2DCB334C173459C7007E8636 /* happy_slots_07@2x.png */ = {isa = PBXFileReference; lastKnownFileType = image.png; name = "happy_slots_07@2x.png"; path = "SlotMachine/happy_slots_07@2x.png"; sourceTree = "<group>"; };
		2DCB334D173459C7007E8636 /* happy_slots_08@2x.png */ = {isa = PBXFileReference; lastKnownFileType = image.png; name = "happy_slots_08@2x.png"; path = "SlotMachine/happy_slots_08@2x.png"; sourceTree = "<group>"; };
		2DCB334E173459C7007E8636 /* happy_slots_09@2x.png */ = {isa = PBXFileReference; lastKnownFileType = image.png; name = "happy_slots_09@2x.png"; path = "SlotMachine/happy_slots_09@2x.png"; sourceTree = "<group>"; };
		2DCB334F173459C7007E8636 /* happy_slots_10@2x.png */ = {isa = PBXFileReference; lastKnownFileType = image.png; name = "happy_slots_10@2x.png"; path = "SlotMachine/happy_slots_10@2x.png"; sourceTree = "<group>"; };
		2DCB3350173459C7007E8636 /* happy_slots_11@2x.png */ = {isa = PBXFileReference; lastKnownFileType = image.png; name = "happy_slots_11@2x.png"; path = "SlotMachine/happy_slots_11@2x.png"; sourceTree = "<group>"; };
		2DCB3351173459C7007E8636 /* idle_slots_01@2x.png */ = {isa = PBXFileReference; lastKnownFileType = image.png; name = "idle_slots_01@2x.png"; path = "SlotMachine/idle_slots_01@2x.png"; sourceTree = "<group>"; };
		2DCB3352173459C7007E8636 /* idle_slots_02@2x.png */ = {isa = PBXFileReference; lastKnownFileType = image.png; name = "idle_slots_02@2x.png"; path = "SlotMachine/idle_slots_02@2x.png"; sourceTree = "<group>"; };
		2DCB3353173459C7007E8636 /* idle_slots_03@2x.png */ = {isa = PBXFileReference; lastKnownFileType = image.png; name = "idle_slots_03@2x.png"; path = "SlotMachine/idle_slots_03@2x.png"; sourceTree = "<group>"; };
		2DCB3354173459C7007E8636 /* idle_slots_04@2x.png */ = {isa = PBXFileReference; lastKnownFileType = image.png; name = "idle_slots_04@2x.png"; path = "SlotMachine/idle_slots_04@2x.png"; sourceTree = "<group>"; };
		2DCB3355173459C7007E8636 /* lever01@2x.png */ = {isa = PBXFileReference; lastKnownFileType = image.png; name = "lever01@2x.png"; path = "SlotMachine/lever01@2x.png"; sourceTree = "<group>"; };
		2DCB3356173459C7007E8636 /* lever02@2x.png */ = {isa = PBXFileReference; lastKnownFileType = image.png; name = "lever02@2x.png"; path = "SlotMachine/lever02@2x.png"; sourceTree = "<group>"; };
		2DCB3357173459C7007E8636 /* lever03@2x.png */ = {isa = PBXFileReference; lastKnownFileType = image.png; name = "lever03@2x.png"; path = "SlotMachine/lever03@2x.png"; sourceTree = "<group>"; };
		2DCB3358173459C7007E8636 /* lever04@2x.png */ = {isa = PBXFileReference; lastKnownFileType = image.png; name = "lever04@2x.png"; path = "SlotMachine/lever04@2x.png"; sourceTree = "<group>"; };
		2DCB3359173459C7007E8636 /* lever05@2x.png */ = {isa = PBXFileReference; lastKnownFileType = image.png; name = "lever05@2x.png"; path = "SlotMachine/lever05@2x.png"; sourceTree = "<group>"; };
		2DCB335A173459C7007E8636 /* lever06@2x.png */ = {isa = PBXFileReference; lastKnownFileType = image.png; name = "lever06@2x.png"; path = "SlotMachine/lever06@2x.png"; sourceTree = "<group>"; };
		2DCB335B173459C7007E8636 /* pipe_bones_01@2x.png */ = {isa = PBXFileReference; lastKnownFileType = image.png; name = "pipe_bones_01@2x.png"; path = "SlotMachine/pipe_bones_01@2x.png"; sourceTree = "<group>"; };
		2DCB335C173459C7007E8636 /* pipe_bones_02@2x.png */ = {isa = PBXFileReference; lastKnownFileType = image.png; name = "pipe_bones_02@2x.png"; path = "SlotMachine/pipe_bones_02@2x.png"; sourceTree = "<group>"; };
		2DCB335D173459C7007E8636 /* pipe_bones_03@2x.png */ = {isa = PBXFileReference; lastKnownFileType = image.png; name = "pipe_bones_03@2x.png"; path = "SlotMachine/pipe_bones_03@2x.png"; sourceTree = "<group>"; };
		2DCB335E173459C7007E8636 /* pipe_bones_04@2x.png */ = {isa = PBXFileReference; lastKnownFileType = image.png; name = "pipe_bones_04@2x.png"; path = "SlotMachine/pipe_bones_04@2x.png"; sourceTree = "<group>"; };
		2DCB335F173459C7007E8636 /* pipe_bones_05@2x.png */ = {isa = PBXFileReference; lastKnownFileType = image.png; name = "pipe_bones_05@2x.png"; path = "SlotMachine/pipe_bones_05@2x.png"; sourceTree = "<group>"; };
		2DCB3360173459C7007E8636 /* pipe_bones_06@2x.png */ = {isa = PBXFileReference; lastKnownFileType = image.png; name = "pipe_bones_06@2x.png"; path = "SlotMachine/pipe_bones_06@2x.png"; sourceTree = "<group>"; };
		2DCB3361173459C7007E8636 /* sad_slots_01@2x.png */ = {isa = PBXFileReference; lastKnownFileType = image.png; name = "sad_slots_01@2x.png"; path = "SlotMachine/sad_slots_01@2x.png"; sourceTree = "<group>"; };
		2DCB3362173459C7007E8636 /* sad_slots_02@2x.png */ = {isa = PBXFileReference; lastKnownFileType = image.png; name = "sad_slots_02@2x.png"; path = "SlotMachine/sad_slots_02@2x.png"; sourceTree = "<group>"; };
		2DCB3363173459C7007E8636 /* sad_slots_03@2x.png */ = {isa = PBXFileReference; lastKnownFileType = image.png; name = "sad_slots_03@2x.png"; path = "SlotMachine/sad_slots_03@2x.png"; sourceTree = "<group>"; };
		2DCB3364173459C7007E8636 /* sad_slots_04@2x.png */ = {isa = PBXFileReference; lastKnownFileType = image.png; name = "sad_slots_04@2x.png"; path = "SlotMachine/sad_slots_04@2x.png"; sourceTree = "<group>"; };
		2DCB3365173459C7007E8636 /* sad_slots_05@2x.png */ = {isa = PBXFileReference; lastKnownFileType = image.png; name = "sad_slots_05@2x.png"; path = "SlotMachine/sad_slots_05@2x.png"; sourceTree = "<group>"; };
		2DCB3366173459C7007E8636 /* sad_slots_06@2x.png */ = {isa = PBXFileReference; lastKnownFileType = image.png; name = "sad_slots_06@2x.png"; path = "SlotMachine/sad_slots_06@2x.png"; sourceTree = "<group>"; };
		2DCB3367173459C7007E8636 /* sad_slots_07@2x.png */ = {isa = PBXFileReference; lastKnownFileType = image.png; name = "sad_slots_07@2x.png"; path = "SlotMachine/sad_slots_07@2x.png"; sourceTree = "<group>"; };
		2DCB3368173459C7007E8636 /* sad_slots_08@2x.png */ = {isa = PBXFileReference; lastKnownFileType = image.png; name = "sad_slots_08@2x.png"; path = "SlotMachine/sad_slots_08@2x.png"; sourceTree = "<group>"; };
		2DCB3369173459C7007E8636 /* sad_slots_09@2x.png */ = {isa = PBXFileReference; lastKnownFileType = image.png; name = "sad_slots_09@2x.png"; path = "SlotMachine/sad_slots_09@2x.png"; sourceTree = "<group>"; };
		2DCB336A173459C7007E8636 /* sad_slots_10@2x.png */ = {isa = PBXFileReference; lastKnownFileType = image.png; name = "sad_slots_10@2x.png"; path = "SlotMachine/sad_slots_10@2x.png"; sourceTree = "<group>"; };
		2DCB336B173459C7007E8636 /* sad_slots_11@2x.png */ = {isa = PBXFileReference; lastKnownFileType = image.png; name = "sad_slots_11@2x.png"; path = "SlotMachine/sad_slots_11@2x.png"; sourceTree = "<group>"; };
		2DCB336C173459C7007E8636 /* sad_slots_12@2x.png */ = {isa = PBXFileReference; lastKnownFileType = image.png; name = "sad_slots_12@2x.png"; path = "SlotMachine/sad_slots_12@2x.png"; sourceTree = "<group>"; };
		2DCB336D173459C7007E8636 /* sad_slots_13@2x.png */ = {isa = PBXFileReference; lastKnownFileType = image.png; name = "sad_slots_13@2x.png"; path = "SlotMachine/sad_slots_13@2x.png"; sourceTree = "<group>"; };
		2DCB336E173459C7007E8636 /* sad_slots_14@2x.png */ = {isa = PBXFileReference; lastKnownFileType = image.png; name = "sad_slots_14@2x.png"; path = "SlotMachine/sad_slots_14@2x.png"; sourceTree = "<group>"; };
		2DCB336F173459C7007E8636 /* slider@2x.png */ = {isa = PBXFileReference; lastKnownFileType = image.png; name = "slider@2x.png"; path = "SlotMachine/slider@2x.png"; sourceTree = "<group>"; };
		2DCB3370173459C7007E8636 /* Slot_bg@2x.png */ = {isa = PBXFileReference; lastKnownFileType = image.png; name = "Slot_bg@2x.png"; path = "SlotMachine/Slot_bg@2x.png"; sourceTree = "<group>"; };
		2DCB3371173459C7007E8636 /* squirrel_slot@2x.png */ = {isa = PBXFileReference; lastKnownFileType = image.png; name = "squirrel_slot@2x.png"; path = "SlotMachine/squirrel_slot@2x.png"; sourceTree = "<group>"; };
		8A059778171887B900C09EEA /* Word4Words.app */ = {isa = PBXFileReference; explicitFileType = wrapper.application; includeInIndex = 0; path = Word4Words.app; sourceTree = BUILT_PRODUCTS_DIR; };
		8A05977B171887B900C09EEA /* UIKit.framework */ = {isa = PBXFileReference; lastKnownFileType = wrapper.framework; name = UIKit.framework; path = System/Library/Frameworks/UIKit.framework; sourceTree = SDKROOT; };
		8A05977D171887B900C09EEA /* Foundation.framework */ = {isa = PBXFileReference; lastKnownFileType = wrapper.framework; name = Foundation.framework; path = System/Library/Frameworks/Foundation.framework; sourceTree = SDKROOT; };
		8A05977F171887B900C09EEA /* CoreGraphics.framework */ = {isa = PBXFileReference; lastKnownFileType = wrapper.framework; name = CoreGraphics.framework; path = System/Library/Frameworks/CoreGraphics.framework; sourceTree = SDKROOT; };
		8A059783171887B900C09EEA /* Swizzle-Info.plist */ = {isa = PBXFileReference; lastKnownFileType = text.plist.xml; path = "Swizzle-Info.plist"; sourceTree = "<group>"; };
		8A059785171887B900C09EEA /* en */ = {isa = PBXFileReference; lastKnownFileType = text.plist.strings; name = en; path = en.lproj/InfoPlist.strings; sourceTree = "<group>"; };
		8A059787171887B900C09EEA /* main.m */ = {isa = PBXFileReference; lastKnownFileType = sourcecode.c.objc; path = main.m; sourceTree = "<group>"; };
		8A059789171887B900C09EEA /* Swizzle-Prefix.pch */ = {isa = PBXFileReference; lastKnownFileType = sourcecode.c.h; path = "Swizzle-Prefix.pch"; sourceTree = "<group>"; };
		8A05978D171887B900C09EEA /* Default.png */ = {isa = PBXFileReference; lastKnownFileType = image.png; path = Default.png; sourceTree = "<group>"; };
		8A05978F171887B900C09EEA /* Default@2x.png */ = {isa = PBXFileReference; lastKnownFileType = image.png; path = "Default@2x.png"; sourceTree = "<group>"; };
		8A059791171887B900C09EEA /* Default-568h@2x.png */ = {isa = PBXFileReference; lastKnownFileType = image.png; path = "Default-568h@2x.png"; sourceTree = "<group>"; };
		8A059794171887B900C09EEA /* en */ = {isa = PBXFileReference; lastKnownFileType = file.storyboard; name = en; path = en.lproj/MainStoryboard_iPhone.storyboard; sourceTree = "<group>"; };
		8A059797171887B900C09EEA /* en */ = {isa = PBXFileReference; lastKnownFileType = file.storyboard; name = en; path = en.lproj/MainStoryboard_iPad.storyboard; sourceTree = "<group>"; };
		8A0597A1171887CA00C09EEA /* Parse.framework */ = {isa = PBXFileReference; lastKnownFileType = wrapper.framework; path = Parse.framework; sourceTree = "<group>"; };
		8A0597A31718884600C09EEA /* AudioToolbox.framework */ = {isa = PBXFileReference; lastKnownFileType = wrapper.framework; name = AudioToolbox.framework; path = System/Library/Frameworks/AudioToolbox.framework; sourceTree = SDKROOT; };
		8A0597A51718884D00C09EEA /* CFNetwork.framework */ = {isa = PBXFileReference; lastKnownFileType = wrapper.framework; name = CFNetwork.framework; path = System/Library/Frameworks/CFNetwork.framework; sourceTree = SDKROOT; };
		8A0597A71718885E00C09EEA /* CoreLocation.framework */ = {isa = PBXFileReference; lastKnownFileType = wrapper.framework; name = CoreLocation.framework; path = System/Library/Frameworks/CoreLocation.framework; sourceTree = SDKROOT; };
		8A0597A91718886600C09EEA /* libz.1.1.3.dylib */ = {isa = PBXFileReference; lastKnownFileType = "compiled.mach-o.dylib"; name = libz.1.1.3.dylib; path = usr/lib/libz.1.1.3.dylib; sourceTree = SDKROOT; };
		8A0597AB1718886E00C09EEA /* MobileCoreServices.framework */ = {isa = PBXFileReference; lastKnownFileType = wrapper.framework; name = MobileCoreServices.framework; path = System/Library/Frameworks/MobileCoreServices.framework; sourceTree = SDKROOT; };
		8A0597AD1718887600C09EEA /* QuartzCore.framework */ = {isa = PBXFileReference; lastKnownFileType = wrapper.framework; name = QuartzCore.framework; path = System/Library/Frameworks/QuartzCore.framework; sourceTree = SDKROOT; };
		8A0597AF1718887D00C09EEA /* Security.framework */ = {isa = PBXFileReference; lastKnownFileType = wrapper.framework; name = Security.framework; path = System/Library/Frameworks/Security.framework; sourceTree = SDKROOT; };
		8A0597B11718888400C09EEA /* StoreKit.framework */ = {isa = PBXFileReference; lastKnownFileType = wrapper.framework; name = StoreKit.framework; path = System/Library/Frameworks/StoreKit.framework; sourceTree = SDKROOT; };
		8A0597B31718888B00C09EEA /* SystemConfiguration.framework */ = {isa = PBXFileReference; lastKnownFileType = wrapper.framework; name = SystemConfiguration.framework; path = System/Library/Frameworks/SystemConfiguration.framework; sourceTree = SDKROOT; };
		8A0597B5171888ED00C09EEA /* AdSupport.framework */ = {isa = PBXFileReference; lastKnownFileType = wrapper.framework; name = AdSupport.framework; path = System/Library/Frameworks/AdSupport.framework; sourceTree = SDKROOT; };
		8A0597B71718890200C09EEA /* Social.framework */ = {isa = PBXFileReference; lastKnownFileType = wrapper.framework; name = Social.framework; path = System/Library/Frameworks/Social.framework; sourceTree = SDKROOT; };
		8A0597B91718890D00C09EEA /* Accounts.framework */ = {isa = PBXFileReference; lastKnownFileType = wrapper.framework; name = Accounts.framework; path = System/Library/Frameworks/Accounts.framework; sourceTree = SDKROOT; };
		8A443513175C43A000C61FDD /* fb_life_down.png */ = {isa = PBXFileReference; lastKnownFileType = image.png; path = fb_life_down.png; sourceTree = "<group>"; };
		8A443514175C43A000C61FDD /* fb_life.png */ = {isa = PBXFileReference; lastKnownFileType = image.png; path = fb_life.png; sourceTree = "<group>"; };
		8A443517175C43AA00C61FDD /* fb_life_@2x.png */ = {isa = PBXFileReference; lastKnownFileType = image.png; path = "fb_life_@2x.png"; sourceTree = "<group>"; };
		8A443518175C43AA00C61FDD /* fb_life_down@2x.png */ = {isa = PBXFileReference; lastKnownFileType = image.png; path = "fb_life_down@2x.png"; sourceTree = "<group>"; };
		8A47AD84171C6EFC00283AF9 /* AppDelegate.h */ = {isa = PBXFileReference; fileEncoding = 4; lastKnownFileType = sourcecode.c.h; path = AppDelegate.h; sourceTree = "<group>"; };
		8A47AD85171C6EFC00283AF9 /* AppDelegate.m */ = {isa = PBXFileReference; fileEncoding = 4; lastKnownFileType = sourcecode.c.objc; path = AppDelegate.m; sourceTree = "<group>"; };
		8A47AD8A171C6EFC00283AF9 /* LetterButton.h */ = {isa = PBXFileReference; fileEncoding = 4; lastKnownFileType = sourcecode.c.h; path = LetterButton.h; sourceTree = "<group>"; };
		8A47AD8B171C6EFC00283AF9 /* LetterButton.m */ = {isa = PBXFileReference; fileEncoding = 4; lastKnownFileType = sourcecode.c.objc; path = LetterButton.m; sourceTree = "<group>"; };
		8A47AD8F171C6EFC00283AF9 /* WordObj.h */ = {isa = PBXFileReference; fileEncoding = 4; lastKnownFileType = sourcecode.c.h; path = WordObj.h; sourceTree = "<group>"; };
		8A47AD90171C6EFC00283AF9 /* WordObj.m */ = {isa = PBXFileReference; fileEncoding = 4; lastKnownFileType = sourcecode.c.objc; path = WordObj.m; sourceTree = "<group>"; };
		8A47AD99171C6F4000283AF9 /* GuessViewController.h */ = {isa = PBXFileReference; fileEncoding = 4; lastKnownFileType = sourcecode.c.h; path = GuessViewController.h; sourceTree = "<group>"; };
		8A47AD9A171C6F4000283AF9 /* GuessViewController.m */ = {isa = PBXFileReference; fileEncoding = 4; lastKnownFileType = sourcecode.c.objc; path = GuessViewController.m; sourceTree = "<group>"; };
		8A47AD9D171C6F4000283AF9 /* LoginViewController.h */ = {isa = PBXFileReference; fileEncoding = 4; lastKnownFileType = sourcecode.c.h; path = LoginViewController.h; sourceTree = "<group>"; };
		8A47AD9E171C6F4000283AF9 /* LoginViewController.m */ = {isa = PBXFileReference; fileEncoding = 4; lastKnownFileType = sourcecode.c.objc; path = LoginViewController.m; sourceTree = "<group>"; };
		8A47ADA8171CA2EC00283AF9 /* CoinsController.h */ = {isa = PBXFileReference; fileEncoding = 4; lastKnownFileType = sourcecode.c.h; path = CoinsController.h; sourceTree = "<group>"; };
		8A47ADA9171CA2EC00283AF9 /* CoinsController.m */ = {isa = PBXFileReference; fileEncoding = 4; lastKnownFileType = sourcecode.c.objc; path = CoinsController.m; sourceTree = "<group>"; };
		8A67F4E5171B8BA8005385C2 /* WordAndHints.plist */ = {isa = PBXFileReference; fileEncoding = 4; lastKnownFileType = text.plist.xml; path = WordAndHints.plist; sourceTree = "<group>"; };
		8A7DA3FA17271F7A0091249C /* clear_btn1.png */ = {isa = PBXFileReference; lastKnownFileType = image.png; path = clear_btn1.png; sourceTree = "<group>"; };
		8A7DA3FB17271F7A0091249C /* clear_btn2.png */ = {isa = PBXFileReference; lastKnownFileType = image.png; path = clear_btn2.png; sourceTree = "<group>"; };
		8A7DA3FC17271F7A0091249C /* empty_slot.png */ = {isa = PBXFileReference; lastKnownFileType = image.png; path = empty_slot.png; sourceTree = "<group>"; };
		8A7DA3FD17271F7A0091249C /* fb_btn1.png */ = {isa = PBXFileReference; lastKnownFileType = image.png; path = fb_btn1.png; sourceTree = "<group>"; };
		8A7DA3FE17271F7A0091249C /* fb_btn2.png */ = {isa = PBXFileReference; lastKnownFileType = image.png; path = fb_btn2.png; sourceTree = "<group>"; };
		8A7DA3FF17271F7A0091249C /* gamePlay_bg.png */ = {isa = PBXFileReference; lastKnownFileType = image.png; path = gamePlay_bg.png; sourceTree = "<group>"; };
		8A7DA40017271F7A0091249C /* hint_btn1.png */ = {isa = PBXFileReference; lastKnownFileType = image.png; path = hint_btn1.png; sourceTree = "<group>"; };
		8A7DA40117271F7A0091249C /* hint_btn2.png */ = {isa = PBXFileReference; lastKnownFileType = image.png; path = hint_btn2.png; sourceTree = "<group>"; };
		8A7DA40217271F7A0091249C /* home_btn1.png */ = {isa = PBXFileReference; lastKnownFileType = image.png; path = home_btn1.png; sourceTree = "<group>"; };
		8A7DA40317271F7A0091249C /* home_btn2.png */ = {isa = PBXFileReference; lastKnownFileType = image.png; path = home_btn2.png; sourceTree = "<group>"; };
		8A7DA40417271F7A0091249C /* letter_btn1.png */ = {isa = PBXFileReference; lastKnownFileType = image.png; path = letter_btn1.png; sourceTree = "<group>"; };
		8A7DA40517271F7A0091249C /* letter_btn2.png */ = {isa = PBXFileReference; lastKnownFileType = image.png; path = letter_btn2.png; sourceTree = "<group>"; };
		8A7DA40617271F7A0091249C /* placed_letter_btn.png */ = {isa = PBXFileReference; lastKnownFileType = image.png; path = placed_letter_btn.png; sourceTree = "<group>"; };
		8A7DA40717271F7A0091249C /* puppy_01.png */ = {isa = PBXFileReference; lastKnownFileType = image.png; path = puppy_01.png; sourceTree = "<group>"; };
		8A7DA40917271F7A0091249C /* clear_btn1@2x.png */ = {isa = PBXFileReference; lastKnownFileType = image.png; path = "clear_btn1@2x.png"; sourceTree = "<group>"; };
		8A7DA40A17271F7A0091249C /* clear_btn2@2x.png */ = {isa = PBXFileReference; lastKnownFileType = image.png; path = "clear_btn2@2x.png"; sourceTree = "<group>"; };
		8A7DA40B17271F7A0091249C /* empty_slot@2x.png */ = {isa = PBXFileReference; lastKnownFileType = image.png; path = "empty_slot@2x.png"; sourceTree = "<group>"; };
		8A7DA40C17271F7A0091249C /* fb_btn1@2x.png */ = {isa = PBXFileReference; lastKnownFileType = image.png; path = "fb_btn1@2x.png"; sourceTree = "<group>"; };
		8A7DA40D17271F7A0091249C /* fb_btn2@2x.png */ = {isa = PBXFileReference; lastKnownFileType = image.png; path = "fb_btn2@2x.png"; sourceTree = "<group>"; };
		8A7DA40E17271F7A0091249C /* gamePlay_bg@2x.png */ = {isa = PBXFileReference; lastKnownFileType = image.png; path = "gamePlay_bg@2x.png"; sourceTree = "<group>"; };
		8A7DA40F17271F7A0091249C /* hint_btn1@2x.png */ = {isa = PBXFileReference; lastKnownFileType = image.png; path = "hint_btn1@2x.png"; sourceTree = "<group>"; };
		8A7DA41017271F7A0091249C /* hint_btn2@2x.png */ = {isa = PBXFileReference; lastKnownFileType = image.png; path = "hint_btn2@2x.png"; sourceTree = "<group>"; };
		8A7DA41117271F7A0091249C /* home_btn1@2x.png */ = {isa = PBXFileReference; lastKnownFileType = image.png; path = "home_btn1@2x.png"; sourceTree = "<group>"; };
		8A7DA41217271F7A0091249C /* home_btn2@2xpng.png */ = {isa = PBXFileReference; lastKnownFileType = image.png; path = "home_btn2@2xpng.png"; sourceTree = "<group>"; };
		8A7DA41317271F7A0091249C /* letter_btn1@2x.png */ = {isa = PBXFileReference; lastKnownFileType = image.png; path = "letter_btn1@2x.png"; sourceTree = "<group>"; };
		8A7DA41417271F7A0091249C /* letter_btn2@2x.png */ = {isa = PBXFileReference; lastKnownFileType = image.png; path = "letter_btn2@2x.png"; sourceTree = "<group>"; };
		8A7DA41517271F7A0091249C /* placed_letter_btn@2x.png */ = {isa = PBXFileReference; lastKnownFileType = image.png; path = "placed_letter_btn@2x.png"; sourceTree = "<group>"; };
		8A7DA41617271F7A0091249C /* puppy_01@2x.png */ = {isa = PBXFileReference; lastKnownFileType = image.png; path = "puppy_01@2x.png"; sourceTree = "<group>"; };
		8A7DA43417272C410091249C /* LuckiestGuy.ttf */ = {isa = PBXFileReference; lastKnownFileType = file; path = LuckiestGuy.ttf; sourceTree = "<group>"; };
		8A7DA436172754D70091249C /* BlankSlot.h */ = {isa = PBXFileReference; fileEncoding = 4; lastKnownFileType = sourcecode.c.h; path = BlankSlot.h; sourceTree = "<group>"; };
		8A7DA437172754D70091249C /* BlankSlot.m */ = {isa = PBXFileReference; fileEncoding = 4; lastKnownFileType = sourcecode.c.objc; path = BlankSlot.m; sourceTree = "<group>"; };
/* End PBXFileReference section */

/* Begin PBXFrameworksBuildPhase section */
		8A059775171887B900C09EEA /* Frameworks */ = {
			isa = PBXFrameworksBuildPhase;
			buildActionMask = 2147483647;
			files = (
				2D3539601777A89D00FE56DB /* iAd.framework in Frameworks */,
				2D62E27A1718D15E00624AE1 /* libsqlite3.0.dylib in Frameworks */,
				8A0597BA1718890D00C09EEA /* Accounts.framework in Frameworks */,
				8A0597B81718890200C09EEA /* Social.framework in Frameworks */,
				8A0597B6171888ED00C09EEA /* AdSupport.framework in Frameworks */,
				8A0597B41718888B00C09EEA /* SystemConfiguration.framework in Frameworks */,
				8A0597B21718888400C09EEA /* StoreKit.framework in Frameworks */,
				8A0597B01718887D00C09EEA /* Security.framework in Frameworks */,
				8A0597AE1718887600C09EEA /* QuartzCore.framework in Frameworks */,
				8A0597AC1718886E00C09EEA /* MobileCoreServices.framework in Frameworks */,
				8A0597AA1718886600C09EEA /* libz.1.1.3.dylib in Frameworks */,
				8A0597A81718885E00C09EEA /* CoreLocation.framework in Frameworks */,
				8A059780171887B900C09EEA /* CoreGraphics.framework in Frameworks */,
				8A0597A61718884D00C09EEA /* CFNetwork.framework in Frameworks */,
				8A0597A41718884600C09EEA /* AudioToolbox.framework in Frameworks */,
				8A05977C171887B900C09EEA /* UIKit.framework in Frameworks */,
				8A05977E171887B900C09EEA /* Foundation.framework in Frameworks */,
				8A0597A2171887CA00C09EEA /* Parse.framework in Frameworks */,
				2D62E2751718CDC700624AE1 /* FacebookSDK.framework in Frameworks */,
			);
			runOnlyForDeploymentPostprocessing = 0;
		};
/* End PBXFrameworksBuildPhase section */

/* Begin PBXGroup section */
		2DA43AD31777914800979D66 /* Global */ = {
			isa = PBXGroup;
			children = (
				2DA43AD01777913900979D66 /* MBProgressHUD.h */,
				2DA43AD11777913900979D66 /* MBProgressHUD.m */,
				2DCACB04175846E400086DDC /* UIImageView+AnimateImages.h */,
				2DCACB05175846E400086DDC /* UIImageView+AnimateImages.m */,
			);
			name = Global;
			sourceTree = "<group>";
		};
		2DCACAEF175841BE00086DDC /* Login */ = {
			isa = PBXGroup;
			children = (
				2DCACAF01758420B00086DDC /* facebook_login_btn1.png */,
				2DCACAF11758420B00086DDC /* facebook_login_btn2.png */,
				2DCACAF21758420B00086DDC /* login_pup_01.png */,
				2DCACAF31758420B00086DDC /* login_pup_02.png */,
				2DCACAF41758420B00086DDC /* login_pup_03.png */,
				2DCACAF51758420B00086DDC /* login_pup_04.png */,
				2DCACAF61758420B00086DDC /* login_skip1.png */,
				2DCACAF71758420B00086DDC /* login_skip2.png */,
				2DCACB021758455400086DDC /* login_bg.png */,
			);
			name = Login;
			sourceTree = "<group>";
		};
		2DCB333917345987007E8636 /* SlotMachine */ = {
			isa = PBXGroup;
			children = (
				2DCB333A173459C7007E8636 /* 3bone_slot@2x.png */,
				2DCB333B173459C7007E8636 /* ball_slot@2x.png */,
				2DCB333C173459C7007E8636 /* bone_slot@2x.png */,
				2DCB333D173459C7007E8636 /* bowl01@2x.png */,
				2DCB333E173459C7007E8636 /* bowl02@2x.png */,
				2DCB333F173459C7007E8636 /* bowl03@2x.png */,
				2DCB3340173459C7007E8636 /* bowl04@2x.png */,
				2DCB3341173459C7007E8636 /* bowl05@2x.png */,
				2DCB3342173459C7007E8636 /* Case@2x.png */,
				2DCB3343173459C7007E8636 /* cat_slot@2x.png */,
				2DCB3344173459C7007E8636 /* collar_slot@2x.png */,
				2DCB3345173459C7007E8636 /* falling_bone@2x.png */,
				2DCB3346173459C7007E8636 /* happy_slots_01@2x.png */,
				2DCB3347173459C7007E8636 /* happy_slots_02@2x.png */,
				2DCB3348173459C7007E8636 /* happy_slots_03@2x.png */,
				2DCB3349173459C7007E8636 /* happy_slots_04@2x.png */,
				2DCB334A173459C7007E8636 /* happy_slots_05@2x.png */,
				2DCB334B173459C7007E8636 /* happy_slots_06@2x.png */,
				2DCB334C173459C7007E8636 /* happy_slots_07@2x.png */,
				2DCB334D173459C7007E8636 /* happy_slots_08@2x.png */,
				2DCB334E173459C7007E8636 /* happy_slots_09@2x.png */,
				2DCB334F173459C7007E8636 /* happy_slots_10@2x.png */,
				2DCB3350173459C7007E8636 /* happy_slots_11@2x.png */,
				2DCB3351173459C7007E8636 /* idle_slots_01@2x.png */,
				2DCB3352173459C7007E8636 /* idle_slots_02@2x.png */,
				2DCB3353173459C7007E8636 /* idle_slots_03@2x.png */,
				2DCB3354173459C7007E8636 /* idle_slots_04@2x.png */,
				2D9ECF20174970BC00D150FC /* pipe@2x.png */,
				2DCB3355173459C7007E8636 /* lever01@2x.png */,
				2DCB3356173459C7007E8636 /* lever02@2x.png */,
				2DCB3357173459C7007E8636 /* lever03@2x.png */,
				2DCB3358173459C7007E8636 /* lever04@2x.png */,
				2DCB3359173459C7007E8636 /* lever05@2x.png */,
				2DCB335A173459C7007E8636 /* lever06@2x.png */,
				2DCB335B173459C7007E8636 /* pipe_bones_01@2x.png */,
				2DCB335C173459C7007E8636 /* pipe_bones_02@2x.png */,
				2DCB335D173459C7007E8636 /* pipe_bones_03@2x.png */,
				2DCB335E173459C7007E8636 /* pipe_bones_04@2x.png */,
				2DCB335F173459C7007E8636 /* pipe_bones_05@2x.png */,
				2D9ECF221749935700D150FC /* pipe_bones@2x.png */,
				2DCB3360173459C7007E8636 /* pipe_bones_06@2x.png */,
				2DCB3361173459C7007E8636 /* sad_slots_01@2x.png */,
				2DCB3362173459C7007E8636 /* sad_slots_02@2x.png */,
				2DCB3363173459C7007E8636 /* sad_slots_03@2x.png */,
				2DCB3364173459C7007E8636 /* sad_slots_04@2x.png */,
				2DCB3365173459C7007E8636 /* sad_slots_05@2x.png */,
				2DCB3366173459C7007E8636 /* sad_slots_06@2x.png */,
				2DCB3367173459C7007E8636 /* sad_slots_07@2x.png */,
				2DCB3368173459C7007E8636 /* sad_slots_08@2x.png */,
				2DCB3369173459C7007E8636 /* sad_slots_09@2x.png */,
				2DCB336A173459C7007E8636 /* sad_slots_10@2x.png */,
				2DCB336B173459C7007E8636 /* sad_slots_11@2x.png */,
				2DCB336C173459C7007E8636 /* sad_slots_12@2x.png */,
				2DCB336D173459C7007E8636 /* sad_slots_13@2x.png */,
				2DCB336E173459C7007E8636 /* sad_slots_14@2x.png */,
				2DCB336F173459C7007E8636 /* slider@2x.png */,
				2DCB3370173459C7007E8636 /* Slot_bg@2x.png */,
				2DCB3371173459C7007E8636 /* squirrel_slot@2x.png */,
			);
			name = SlotMachine;
			sourceTree = "<group>";
		};
		8A05976F171887B900C09EEA = {
			isa = PBXGroup;
			children = (
				8A059781171887B900C09EEA /* Swizzle */,
				8A05977A171887B900C09EEA /* Frameworks */,
				8A059779171887B900C09EEA /* Products */,
			);
			sourceTree = "<group>";
		};
		8A059779171887B900C09EEA /* Products */ = {
			isa = PBXGroup;
			children = (
				8A059778171887B900C09EEA /* Word4Words.app */,
			);
			name = Products;
			sourceTree = "<group>";
		};
		8A05977A171887B900C09EEA /* Frameworks */ = {
			isa = PBXGroup;
			children = (
				2D35395F1777A89D00FE56DB /* iAd.framework */,
				2D62E2791718D15E00624AE1 /* libsqlite3.0.dylib */,
				2D62E2741718CDC700624AE1 /* FacebookSDK.framework */,
				8A0597B91718890D00C09EEA /* Accounts.framework */,
				8A0597B71718890200C09EEA /* Social.framework */,
				8A0597B5171888ED00C09EEA /* AdSupport.framework */,
				8A0597B31718888B00C09EEA /* SystemConfiguration.framework */,
				8A0597B11718888400C09EEA /* StoreKit.framework */,
				8A0597AF1718887D00C09EEA /* Security.framework */,
				8A0597AD1718887600C09EEA /* QuartzCore.framework */,
				8A0597AB1718886E00C09EEA /* MobileCoreServices.framework */,
				8A0597A91718886600C09EEA /* libz.1.1.3.dylib */,
				8A0597A71718885E00C09EEA /* CoreLocation.framework */,
				8A0597A51718884D00C09EEA /* CFNetwork.framework */,
				8A0597A31718884600C09EEA /* AudioToolbox.framework */,
				8A0597A1171887CA00C09EEA /* Parse.framework */,
				8A05977B171887B900C09EEA /* UIKit.framework */,
				8A05977D171887B900C09EEA /* Foundation.framework */,
				8A05977F171887B900C09EEA /* CoreGraphics.framework */,
			);
			name = Frameworks;
			sourceTree = "<group>";
		};
		8A059781171887B900C09EEA /* Swizzle */ = {
			isa = PBXGroup;
			children = (
				8A059793171887B900C09EEA /* MainStoryboard_iPhone.storyboard */,
				8A059796171887B900C09EEA /* MainStoryboard_iPad.storyboard */,
				8A47AD83171C6EFC00283AF9 /* Classes */,
				8A67F4E4171B8B8D005385C2 /* Resources */,
				8A059782171887B900C09EEA /* Supporting Files */,
			);
			path = Swizzle;
			sourceTree = "<group>";
		};
		8A059782171887B900C09EEA /* Supporting Files */ = {
			isa = PBXGroup;
			children = (
				8A059783171887B900C09EEA /* Swizzle-Info.plist */,
				8A059784171887B900C09EEA /* InfoPlist.strings */,
				8A059787171887B900C09EEA /* main.m */,
				8A059789171887B900C09EEA /* Swizzle-Prefix.pch */,
				8A05978D171887B900C09EEA /* Default.png */,
				8A05978F171887B900C09EEA /* Default@2x.png */,
				8A059791171887B900C09EEA /* Default-568h@2x.png */,
			);
			name = "Supporting Files";
			sourceTree = "<group>";
		};
		8A47AD83171C6EFC00283AF9 /* Classes */ = {
			isa = PBXGroup;
			children = (
				2DA43AD31777914800979D66 /* Global */,
				8A47AD84171C6EFC00283AF9 /* AppDelegate.h */,
				8A47AD85171C6EFC00283AF9 /* AppDelegate.m */,
				8A7DA436172754D70091249C /* BlankSlot.h */,
				8A7DA437172754D70091249C /* BlankSlot.m */,
				8A47AD8A171C6EFC00283AF9 /* LetterButton.h */,
				8A47AD8B171C6EFC00283AF9 /* LetterButton.m */,
				8A47ADA8171CA2EC00283AF9 /* CoinsController.h */,
				8A47ADA9171CA2EC00283AF9 /* CoinsController.m */,
				8A47AD8F171C6EFC00283AF9 /* WordObj.h */,
				8A47AD90171C6EFC00283AF9 /* WordObj.m */,
				2D08BA4F171DFF6800A1833A /* SlotMachine.h */,
				2D08BA50171DFF6800A1833A /* SlotMachine.m */,
				2D9DC5D6171F18D700A72D56 /* SlotView.h */,
				2D9DC5D7171F18D700A72D56 /* SlotView.m */,
				8A47AD98171C6F4000283AF9 /* ViewControllers */,
			);
			path = Classes;
			sourceTree = "<group>";
		};
		8A47AD98171C6F4000283AF9 /* ViewControllers */ = {
			isa = PBXGroup;
			children = (
				2D08BA54171E099100A1833A /* SlotMachineViewController.h */,
				2D08BA55171E099100A1833A /* SlotMachineViewController.m */,
				2D08BA52171E08CD00A1833A /* SlotMachine.storyboard */,
				8A47AD99171C6F4000283AF9 /* GuessViewController.h */,
				8A47AD9A171C6F4000283AF9 /* GuessViewController.m */,
				8A47AD9D171C6F4000283AF9 /* LoginViewController.h */,
				8A47AD9E171C6F4000283AF9 /* LoginViewController.m */,
			);
			path = ViewControllers;
			sourceTree = "<group>";
		};
		8A67F4E4171B8B8D005385C2 /* Resources */ = {
			isa = PBXGroup;
			children = (
				2DCACAEF175841BE00086DDC /* Login */,
				2DCB333917345987007E8636 /* SlotMachine */,
				8A7DA43317272C410091249C /* Fonts */,
				8A7DA3F917271F7A0091249C /* MainScreen */,
				8A7DA40817271F7A0091249C /* MainScreenRetina */,
				8A67F4E5171B8BA8005385C2 /* WordAndHints.plist */,
			);
			path = Resources;
			sourceTree = "<group>";
		};
		8A7DA3F917271F7A0091249C /* MainScreen */ = {
			isa = PBXGroup;
			children = (
				8A7DA3FA17271F7A0091249C /* clear_btn1.png */,
				8A7DA3FB17271F7A0091249C /* clear_btn2.png */,
				8A7DA3FC17271F7A0091249C /* empty_slot.png */,
				8A7DA3FD17271F7A0091249C /* fb_btn1.png */,
				8A7DA3FE17271F7A0091249C /* fb_btn2.png */,
				8A443513175C43A000C61FDD /* fb_life_down.png */,
				8A443514175C43A000C61FDD /* fb_life.png */,
				8A7DA3FF17271F7A0091249C /* gamePlay_bg.png */,
				8A7DA40017271F7A0091249C /* hint_btn1.png */,
				8A7DA40117271F7A0091249C /* hint_btn2.png */,
				8A7DA40217271F7A0091249C /* home_btn1.png */,
				8A7DA40317271F7A0091249C /* home_btn2.png */,
				8A7DA40417271F7A0091249C /* letter_btn1.png */,
				8A7DA40517271F7A0091249C /* letter_btn2.png */,
				8A7DA40617271F7A0091249C /* placed_letter_btn.png */,
				8A7DA40717271F7A0091249C /* puppy_01.png */,
			);
			path = MainScreen;
			sourceTree = "<group>";
		};
		8A7DA40817271F7A0091249C /* MainScreenRetina */ = {
			isa = PBXGroup;
			children = (
				8A7DA40917271F7A0091249C /* clear_btn1@2x.png */,
				8A7DA40A17271F7A0091249C /* clear_btn2@2x.png */,
				8A7DA40B17271F7A0091249C /* empty_slot@2x.png */,
				8A7DA40C17271F7A0091249C /* fb_btn1@2x.png */,
				8A7DA40D17271F7A0091249C /* fb_btn2@2x.png */,
				8A443517175C43AA00C61FDD /* fb_life_@2x.png */,
				8A443518175C43AA00C61FDD /* fb_life_down@2x.png */,
				8A7DA40E17271F7A0091249C /* gamePlay_bg@2x.png */,
				8A7DA40F17271F7A0091249C /* hint_btn1@2x.png */,
				8A7DA41017271F7A0091249C /* hint_btn2@2x.png */,
				8A7DA41117271F7A0091249C /* home_btn1@2x.png */,
				8A7DA41217271F7A0091249C /* home_btn2@2xpng.png */,
				8A7DA41317271F7A0091249C /* letter_btn1@2x.png */,
				8A7DA41417271F7A0091249C /* letter_btn2@2x.png */,
				8A7DA41517271F7A0091249C /* placed_letter_btn@2x.png */,
				8A7DA41617271F7A0091249C /* puppy_01@2x.png */,
			);
			path = MainScreenRetina;
			sourceTree = "<group>";
		};
		8A7DA43317272C410091249C /* Fonts */ = {
			isa = PBXGroup;
			children = (
				8A7DA43417272C410091249C /* LuckiestGuy.ttf */,
			);
			path = Fonts;
			sourceTree = "<group>";
		};
/* End PBXGroup section */

/* Begin PBXNativeTarget section */
		8A059777171887B900C09EEA /* Swizzle */ = {
			isa = PBXNativeTarget;
			buildConfigurationList = 8A05979E171887B900C09EEA /* Build configuration list for PBXNativeTarget "Swizzle" */;
			buildPhases = (
				8A059774171887B900C09EEA /* Sources */,
				8A059775171887B900C09EEA /* Frameworks */,
				8A059776171887B900C09EEA /* Resources */,
			);
			buildRules = (
			);
			dependencies = (
			);
			name = Swizzle;
			productName = Swizzle;
			productReference = 8A059778171887B900C09EEA /* Word4Words.app */;
			productType = "com.apple.product-type.application";
		};
/* End PBXNativeTarget section */

/* Begin PBXProject section */
		8A059770171887B900C09EEA /* Project object */ = {
			isa = PBXProject;
			attributes = {
				LastUpgradeCheck = 0460;
				ORGANIZATIONNAME = "Lance Hughes";
			};
			buildConfigurationList = 8A059773171887B900C09EEA /* Build configuration list for PBXProject "Swizzle" */;
			compatibilityVersion = "Xcode 3.2";
			developmentRegion = English;
			hasScannedForEncodings = 0;
			knownRegions = (
				en,
			);
			mainGroup = 8A05976F171887B900C09EEA;
			productRefGroup = 8A059779171887B900C09EEA /* Products */;
			projectDirPath = "";
			projectRoot = "";
			targets = (
				8A059777171887B900C09EEA /* Swizzle */,
			);
		};
/* End PBXProject section */

/* Begin PBXResourcesBuildPhase section */
		8A059776171887B900C09EEA /* Resources */ = {
			isa = PBXResourcesBuildPhase;
			buildActionMask = 2147483647;
			files = (
				8A059786171887B900C09EEA /* InfoPlist.strings in Resources */,
				8A05978E171887B900C09EEA /* Default.png in Resources */,
				8A059790171887B900C09EEA /* Default@2x.png in Resources */,
				8A059792171887B900C09EEA /* Default-568h@2x.png in Resources */,
				8A059795171887B900C09EEA /* MainStoryboard_iPhone.storyboard in Resources */,
				8A059798171887B900C09EEA /* MainStoryboard_iPad.storyboard in Resources */,
				8A67F4E6171B8BA8005385C2 /* WordAndHints.plist in Resources */,
				2D08BA53171E08CD00A1833A /* SlotMachine.storyboard in Resources */,
				8A7DA41717271F7A0091249C /* clear_btn1.png in Resources */,
				8A7DA41817271F7A0091249C /* clear_btn2.png in Resources */,
				8A7DA41917271F7A0091249C /* empty_slot.png in Resources */,
				8A7DA41A17271F7A0091249C /* fb_btn1.png in Resources */,
				8A7DA41B17271F7A0091249C /* fb_btn2.png in Resources */,
				8A7DA41C17271F7A0091249C /* gamePlay_bg.png in Resources */,
				8A7DA41D17271F7A0091249C /* hint_btn1.png in Resources */,
				8A7DA41E17271F7A0091249C /* hint_btn2.png in Resources */,
				8A7DA41F17271F7A0091249C /* home_btn1.png in Resources */,
				8A7DA42017271F7A0091249C /* home_btn2.png in Resources */,
				8A7DA42117271F7A0091249C /* letter_btn1.png in Resources */,
				8A7DA42217271F7A0091249C /* letter_btn2.png in Resources */,
				8A7DA42317271F7A0091249C /* placed_letter_btn.png in Resources */,
				8A7DA42417271F7A0091249C /* puppy_01.png in Resources */,
				8A7DA42517271F7A0091249C /* clear_btn1@2x.png in Resources */,
				8A7DA42617271F7A0091249C /* clear_btn2@2x.png in Resources */,
				8A7DA42717271F7A0091249C /* empty_slot@2x.png in Resources */,
				8A7DA42817271F7A0091249C /* fb_btn1@2x.png in Resources */,
				8A7DA42917271F7A0091249C /* fb_btn2@2x.png in Resources */,
				8A7DA42A17271F7A0091249C /* gamePlay_bg@2x.png in Resources */,
				8A7DA42B17271F7A0091249C /* hint_btn1@2x.png in Resources */,
				8A7DA42C17271F7A0091249C /* hint_btn2@2x.png in Resources */,
				8A7DA42D17271F7A0091249C /* home_btn1@2x.png in Resources */,
				8A7DA42E17271F7A0091249C /* home_btn2@2xpng.png in Resources */,
				8A7DA42F17271F7A0091249C /* letter_btn1@2x.png in Resources */,
				8A7DA43017271F7A0091249C /* letter_btn2@2x.png in Resources */,
				8A7DA43117271F7A0091249C /* placed_letter_btn@2x.png in Resources */,
				8A7DA43217271F7A0091249C /* puppy_01@2x.png in Resources */,
				8A7DA43517272C410091249C /* LuckiestGuy.ttf in Resources */,
				2DCB3372173459C7007E8636 /* 3bone_slot@2x.png in Resources */,
				2DCB3373173459C7007E8636 /* ball_slot@2x.png in Resources */,
				2DCB3374173459C7007E8636 /* bone_slot@2x.png in Resources */,
				2DCB3375173459C7007E8636 /* bowl01@2x.png in Resources */,
				2DCB3376173459C7007E8636 /* bowl02@2x.png in Resources */,
				2DCB3377173459C7007E8636 /* bowl03@2x.png in Resources */,
				2DCB3378173459C7007E8636 /* bowl04@2x.png in Resources */,
				2DCB3379173459C7007E8636 /* bowl05@2x.png in Resources */,
				2DCB337A173459C7007E8636 /* Case@2x.png in Resources */,
				2DCB337B173459C7007E8636 /* cat_slot@2x.png in Resources */,
				2DCB337C173459C7007E8636 /* collar_slot@2x.png in Resources */,
				2DCB337D173459C7007E8636 /* falling_bone@2x.png in Resources */,
				2DCB337E173459C7007E8636 /* happy_slots_01@2x.png in Resources */,
				2DCB337F173459C7007E8636 /* happy_slots_02@2x.png in Resources */,
				2DCB3380173459C7007E8636 /* happy_slots_03@2x.png in Resources */,
				2DCB3381173459C7007E8636 /* happy_slots_04@2x.png in Resources */,
				2DCB3382173459C7007E8636 /* happy_slots_05@2x.png in Resources */,
				2DCB3383173459C7007E8636 /* happy_slots_06@2x.png in Resources */,
				2DCB3384173459C7007E8636 /* happy_slots_07@2x.png in Resources */,
				2DCB3385173459C7007E8636 /* happy_slots_08@2x.png in Resources */,
				2DCB3386173459C7007E8636 /* happy_slots_09@2x.png in Resources */,
				2DCB3387173459C7007E8636 /* happy_slots_10@2x.png in Resources */,
				2DCB3388173459C7007E8636 /* happy_slots_11@2x.png in Resources */,
				2DCB3389173459C7007E8636 /* idle_slots_01@2x.png in Resources */,
				2DCB338A173459C7007E8636 /* idle_slots_02@2x.png in Resources */,
				2DCB338B173459C7007E8636 /* idle_slots_03@2x.png in Resources */,
				2DCB338C173459C7007E8636 /* idle_slots_04@2x.png in Resources */,
				2DCB338D173459C7007E8636 /* lever01@2x.png in Resources */,
				2DCB338E173459C7007E8636 /* lever02@2x.png in Resources */,
				2DCB338F173459C7007E8636 /* lever03@2x.png in Resources */,
				2DCB3390173459C7007E8636 /* lever04@2x.png in Resources */,
				2DCB3391173459C7007E8636 /* lever05@2x.png in Resources */,
				2DCB3392173459C7007E8636 /* lever06@2x.png in Resources */,
				2DCB3393173459C7007E8636 /* pipe_bones_01@2x.png in Resources */,
				2DCB3394173459C7007E8636 /* pipe_bones_02@2x.png in Resources */,
				2DCB3395173459C7007E8636 /* pipe_bones_03@2x.png in Resources */,
				2DCB3396173459C7007E8636 /* pipe_bones_04@2x.png in Resources */,
				2DCB3397173459C7007E8636 /* pipe_bones_05@2x.png in Resources */,
				2DCB3398173459C7007E8636 /* pipe_bones_06@2x.png in Resources */,
				2DCB3399173459C7007E8636 /* sad_slots_01@2x.png in Resources */,
				2DCB339A173459C7007E8636 /* sad_slots_02@2x.png in Resources */,
				2DCB339B173459C7007E8636 /* sad_slots_03@2x.png in Resources */,
				2DCB339C173459C7007E8636 /* sad_slots_04@2x.png in Resources */,
				2DCB339D173459C7007E8636 /* sad_slots_05@2x.png in Resources */,
				2DCB339E173459C7007E8636 /* sad_slots_06@2x.png in Resources */,
				2DCB339F173459C7007E8636 /* sad_slots_07@2x.png in Resources */,
				2DCB33A0173459C7007E8636 /* sad_slots_08@2x.png in Resources */,
				2DCB33A1173459C7007E8636 /* sad_slots_09@2x.png in Resources */,
				2DCB33A2173459C7007E8636 /* sad_slots_10@2x.png in Resources */,
				2DCB33A3173459C7007E8636 /* sad_slots_11@2x.png in Resources */,
				2DCB33A4173459C7007E8636 /* sad_slots_12@2x.png in Resources */,
				2DCB33A5173459C7007E8636 /* sad_slots_13@2x.png in Resources */,
				2DCB33A6173459C7007E8636 /* sad_slots_14@2x.png in Resources */,
				2DCB33A7173459C7007E8636 /* slider@2x.png in Resources */,
				2DCB33A8173459C7007E8636 /* Slot_bg@2x.png in Resources */,
				2DCB33A9173459C7007E8636 /* squirrel_slot@2x.png in Resources */,
				2D9ECF21174970BC00D150FC /* pipe@2x.png in Resources */,
				2D9ECF231749935700D150FC /* pipe_bones@2x.png in Resources */,
				2DCACAF81758420B00086DDC /* facebook_login_btn1.png in Resources */,
				2DCACAF91758420B00086DDC /* facebook_login_btn2.png in Resources */,
				2DCACAFA1758420B00086DDC /* login_pup_01.png in Resources */,
				2DCACAFB1758420B00086DDC /* login_pup_02.png in Resources */,
				2DCACAFC1758420B00086DDC /* login_pup_03.png in Resources */,
				2DCACAFD1758420B00086DDC /* login_pup_04.png in Resources */,
				2DCACAFE1758420B00086DDC /* login_skip1.png in Resources */,
				2DCACAFF1758420B00086DDC /* login_skip2.png in Resources */,
				2DCACB031758455400086DDC /* login_bg.png in Resources */,
				8A443515175C43A000C61FDD /* fb_life_down.png in Resources */,
				8A443516175C43A000C61FDD /* fb_life.png in Resources */,
				8A443519175C43AA00C61FDD /* fb_life_@2x.png in Resources */,
				8A44351A175C43AA00C61FDD /* fb_life_down@2x.png in Resources */,
			);
			runOnlyForDeploymentPostprocessing = 0;
		};
/* End PBXResourcesBuildPhase section */

/* Begin PBXSourcesBuildPhase section */
		8A059774171887B900C09EEA /* Sources */ = {
			isa = PBXSourcesBuildPhase;
			buildActionMask = 2147483647;
			files = (
				8A059788171887B900C09EEA /* main.m in Sources */,
				8A47AD91171C6EFC00283AF9 /* AppDelegate.m in Sources */,
				8A47AD94171C6EFC00283AF9 /* LetterButton.m in Sources */,
				8A47AD97171C6EFC00283AF9 /* WordObj.m in Sources */,
				8A47AD9F171C6F4000283AF9 /* GuessViewController.m in Sources */,
				8A47ADA1171C6F4000283AF9 /* LoginViewController.m in Sources */,
				8A47ADAA171CA2EC00283AF9 /* CoinsController.m in Sources */,
				2D08BA51171DFF6800A1833A /* SlotMachine.m in Sources */,
				2D08BA56171E099100A1833A /* SlotMachineViewController.m in Sources */,
				2D9DC5D8171F18D800A72D56 /* SlotView.m in Sources */,
				8A7DA438172754D70091249C /* BlankSlot.m in Sources */,
				2DCACB06175846E400086DDC /* UIImageView+AnimateImages.m in Sources */,
				2DA43AD21777913900979D66 /* MBProgressHUD.m in Sources */,
			);
			runOnlyForDeploymentPostprocessing = 0;
		};
/* End PBXSourcesBuildPhase section */

/* Begin PBXVariantGroup section */
		8A059784171887B900C09EEA /* InfoPlist.strings */ = {
			isa = PBXVariantGroup;
			children = (
				8A059785171887B900C09EEA /* en */,
			);
			name = InfoPlist.strings;
			sourceTree = "<group>";
		};
		8A059793171887B900C09EEA /* MainStoryboard_iPhone.storyboard */ = {
			isa = PBXVariantGroup;
			children = (
				8A059794171887B900C09EEA /* en */,
			);
			name = MainStoryboard_iPhone.storyboard;
			sourceTree = "<group>";
		};
		8A059796171887B900C09EEA /* MainStoryboard_iPad.storyboard */ = {
			isa = PBXVariantGroup;
			children = (
				8A059797171887B900C09EEA /* en */,
			);
			name = MainStoryboard_iPad.storyboard;
			sourceTree = "<group>";
		};
/* End PBXVariantGroup section */

/* Begin XCBuildConfiguration section */
		8A05979C171887B900C09EEA /* Debug */ = {
			isa = XCBuildConfiguration;
			buildSettings = {
				ALWAYS_SEARCH_USER_PATHS = NO;
				CLANG_CXX_LANGUAGE_STANDARD = "gnu++0x";
				CLANG_CXX_LIBRARY = "libc++";
				CLANG_ENABLE_OBJC_ARC = YES;
				CLANG_WARN_CONSTANT_CONVERSION = YES;
				CLANG_WARN_EMPTY_BODY = YES;
				CLANG_WARN_ENUM_CONVERSION = YES;
				CLANG_WARN_INT_CONVERSION = YES;
				CLANG_WARN__DUPLICATE_METHOD_MATCH = YES;
				"CODE_SIGN_IDENTITY[sdk=iphoneos*]" = "iPhone Developer";
				COPY_PHASE_STRIP = NO;
				GCC_C_LANGUAGE_STANDARD = gnu99;
				GCC_DYNAMIC_NO_PIC = NO;
				GCC_OPTIMIZATION_LEVEL = 0;
				GCC_PREPROCESSOR_DEFINITIONS = (
					"DEBUG=1",
					"$(inherited)",
				);
				GCC_SYMBOLS_PRIVATE_EXTERN = NO;
				GCC_WARN_ABOUT_RETURN_TYPE = YES;
				GCC_WARN_UNINITIALIZED_AUTOS = YES;
				GCC_WARN_UNUSED_VARIABLE = YES;
				IPHONEOS_DEPLOYMENT_TARGET = 6.1;
				ONLY_ACTIVE_ARCH = YES;
				SDKROOT = iphoneos;
				TARGETED_DEVICE_FAMILY = "1,2";
			};
			name = Debug;
		};
		8A05979D171887B900C09EEA /* Release */ = {
			isa = XCBuildConfiguration;
			buildSettings = {
				ALWAYS_SEARCH_USER_PATHS = NO;
				CLANG_CXX_LANGUAGE_STANDARD = "gnu++0x";
				CLANG_CXX_LIBRARY = "libc++";
				CLANG_ENABLE_OBJC_ARC = YES;
				CLANG_WARN_CONSTANT_CONVERSION = YES;
				CLANG_WARN_EMPTY_BODY = YES;
				CLANG_WARN_ENUM_CONVERSION = YES;
				CLANG_WARN_INT_CONVERSION = YES;
				CLANG_WARN__DUPLICATE_METHOD_MATCH = YES;
				"CODE_SIGN_IDENTITY[sdk=iphoneos*]" = "iPhone Developer";
				COPY_PHASE_STRIP = YES;
				GCC_C_LANGUAGE_STANDARD = gnu99;
				GCC_WARN_ABOUT_RETURN_TYPE = YES;
				GCC_WARN_UNINITIALIZED_AUTOS = YES;
				GCC_WARN_UNUSED_VARIABLE = YES;
				IPHONEOS_DEPLOYMENT_TARGET = 6.1;
				OTHER_CFLAGS = "-DNS_BLOCK_ASSERTIONS=1";
				SDKROOT = iphoneos;
				TARGETED_DEVICE_FAMILY = "1,2";
				VALIDATE_PRODUCT = YES;
			};
			name = Release;
		};
		8A05979F171887B900C09EEA /* Debug */ = {
			isa = XCBuildConfiguration;
			buildSettings = {
				FRAMEWORK_SEARCH_PATHS = (
					"$(inherited)",
					"\"$(SRCROOT)\"",
				);
				GCC_PRECOMPILE_PREFIX_HEADER = YES;
				GCC_PREFIX_HEADER = "Swizzle/Swizzle-Prefix.pch";
				INFOPLIST_FILE = "Swizzle/Swizzle-Info.plist";
				IPHONEOS_DEPLOYMENT_TARGET = 5.0;
				PRODUCT_NAME = Word4Words;
				WRAPPER_EXTENSION = app;
			};
			name = Debug;
		};
		8A0597A0171887B900C09EEA /* Release */ = {
			isa = XCBuildConfiguration;
			buildSettings = {
				FRAMEWORK_SEARCH_PATHS = (
					"$(inherited)",
					"\"$(SRCROOT)\"",
				);
				GCC_PRECOMPILE_PREFIX_HEADER = YES;
				GCC_PREFIX_HEADER = "Swizzle/Swizzle-Prefix.pch";
				INFOPLIST_FILE = "Swizzle/Swizzle-Info.plist";
				IPHONEOS_DEPLOYMENT_TARGET = 5.0;
				PRODUCT_NAME = Word4Words;
				WRAPPER_EXTENSION = app;
			};
			name = Release;
		};
/* End XCBuildConfiguration section */

/* Begin XCConfigurationList section */
		8A059773171887B900C09EEA /* Build configuration list for PBXProject "Swizzle" */ = {
			isa = XCConfigurationList;
			buildConfigurations = (
				8A05979C171887B900C09EEA /* Debug */,
				8A05979D171887B900C09EEA /* Release */,
			);
			defaultConfigurationIsVisible = 0;
			defaultConfigurationName = Release;
		};
		8A05979E171887B900C09EEA /* Build configuration list for PBXNativeTarget "Swizzle" */ = {
			isa = XCConfigurationList;
			buildConfigurations = (
				8A05979F171887B900C09EEA /* Debug */,
				8A0597A0171887B900C09EEA /* Release */,
			);
			defaultConfigurationIsVisible = 0;
			defaultConfigurationName = Release;
		};
/* End XCConfigurationList section */
	};
	rootObject = 8A059770171887B900C09EEA /* Project object */;
}
