// !$*UTF8*$!
{
	archiveVersion = 1;
	classes = {
	};
	objectVersion = 46;
	objects = {

/* Begin PBXBuildFile section */
		2D08BA51171DFF6800A1833A /* SlotMachine.m in Sources */ = {isa = PBXBuildFile; fileRef = 2D08BA50171DFF6800A1833A /* SlotMachine.m */; };
		2D08BA53171E08CD00A1833A /* SlotMachine.storyboard in Resources */ = {isa = PBXBuildFile; fileRef = 2D08BA52171E08CD00A1833A /* SlotMachine.storyboard */; };
		2D08BA56171E099100A1833A /* SlotMachineViewController.m in Sources */ = {isa = PBXBuildFile; fileRef = 2D08BA55171E099100A1833A /* SlotMachineViewController.m */; };
		2D62E2751718CDC700624AE1 /* FacebookSDK.framework in Frameworks */ = {isa = PBXBuildFile; fileRef = 2D62E2741718CDC700624AE1 /* FacebookSDK.framework */; };
		2D62E27A1718D15E00624AE1 /* libsqlite3.0.dylib in Frameworks */ = {isa = PBXBuildFile; fileRef = 2D62E2791718D15E00624AE1 /* libsqlite3.0.dylib */; };
		8A05977C171887B900C09EEA /* UIKit.framework in Frameworks */ = {isa = PBXBuildFile; fileRef = 8A05977B171887B900C09EEA /* UIKit.framework */; };
		8A05977E171887B900C09EEA /* Foundation.framework in Frameworks */ = {isa = PBXBuildFile; fileRef = 8A05977D171887B900C09EEA /* Foundation.framework */; };
		8A059780171887B900C09EEA /* CoreGraphics.framework in Frameworks */ = {isa = PBXBuildFile; fileRef = 8A05977F171887B900C09EEA /* CoreGraphics.framework */; };
		8A059786171887B900C09EEA /* InfoPlist.strings in Resources */ = {isa = PBXBuildFile; fileRef = 8A059784171887B900C09EEA /* InfoPlist.strings */; };
		8A059788171887B900C09EEA /* main.m in Sources */ = {isa = PBXBuildFile; fileRef = 8A059787171887B900C09EEA /* main.m */; };
		8A05978E171887B900C09EEA /* Default.png in Resources */ = {isa = PBXBuildFile; fileRef = 8A05978D171887B900C09EEA /* Default.png */; };
		8A059790171887B900C09EEA /* Default@2x.png in Resources */ = {isa = PBXBuildFile; fileRef = 8A05978F171887B900C09EEA /* Default@2x.png */; };
		8A059792171887B900C09EEA /* Default-568h@2x.png in Resources */ = {isa = PBXBuildFile; fileRef = 8A059791171887B900C09EEA /* Default-568h@2x.png */; };
		8A059795171887B900C09EEA /* MainStoryboard_iPhone.storyboard in Resources */ = {isa = PBXBuildFile; fileRef = 8A059793171887B900C09EEA /* MainStoryboard_iPhone.storyboard */; };
		8A059798171887B900C09EEA /* MainStoryboard_iPad.storyboard in Resources */ = {isa = PBXBuildFile; fileRef = 8A059796171887B900C09EEA /* MainStoryboard_iPad.storyboard */; };
		8A0597A2171887CA00C09EEA /* Parse.framework in Frameworks */ = {isa = PBXBuildFile; fileRef = 8A0597A1171887CA00C09EEA /* Parse.framework */; };
		8A0597A41718884600C09EEA /* AudioToolbox.framework in Frameworks */ = {isa = PBXBuildFile; fileRef = 8A0597A31718884600C09EEA /* AudioToolbox.framework */; };
		8A0597A61718884D00C09EEA /* CFNetwork.framework in Frameworks */ = {isa = PBXBuildFile; fileRef = 8A0597A51718884D00C09EEA /* CFNetwork.framework */; };
		8A0597A81718885E00C09EEA /* CoreLocation.framework in Frameworks */ = {isa = PBXBuildFile; fileRef = 8A0597A71718885E00C09EEA /* CoreLocation.framework */; };
		8A0597AA1718886600C09EEA /* libz.1.1.3.dylib in Frameworks */ = {isa = PBXBuildFile; fileRef = 8A0597A91718886600C09EEA /* libz.1.1.3.dylib */; };
		8A0597AC1718886E00C09EEA /* MobileCoreServices.framework in Frameworks */ = {isa = PBXBuildFile; fileRef = 8A0597AB1718886E00C09EEA /* MobileCoreServices.framework */; };
		8A0597AE1718887600C09EEA /* QuartzCore.framework in Frameworks */ = {isa = PBXBuildFile; fileRef = 8A0597AD1718887600C09EEA /* QuartzCore.framework */; };
		8A0597B01718887D00C09EEA /* Security.framework in Frameworks */ = {isa = PBXBuildFile; fileRef = 8A0597AF1718887D00C09EEA /* Security.framework */; };
		8A0597B21718888400C09EEA /* StoreKit.framework in Frameworks */ = {isa = PBXBuildFile; fileRef = 8A0597B11718888400C09EEA /* StoreKit.framework */; };
		8A0597B41718888B00C09EEA /* SystemConfiguration.framework in Frameworks */ = {isa = PBXBuildFile; fileRef = 8A0597B31718888B00C09EEA /* SystemConfiguration.framework */; };
		8A0597B6171888ED00C09EEA /* AdSupport.framework in Frameworks */ = {isa = PBXBuildFile; fileRef = 8A0597B5171888ED00C09EEA /* AdSupport.framework */; settings = {ATTRIBUTES = (Weak, ); }; };
		8A0597B81718890200C09EEA /* Social.framework in Frameworks */ = {isa = PBXBuildFile; fileRef = 8A0597B71718890200C09EEA /* Social.framework */; settings = {ATTRIBUTES = (Weak, ); }; };
		8A0597BA1718890D00C09EEA /* Accounts.framework in Frameworks */ = {isa = PBXBuildFile; fileRef = 8A0597B91718890D00C09EEA /* Accounts.framework */; settings = {ATTRIBUTES = (Weak, ); }; };
		8A47AD91171C6EFC00283AF9 /* AppDelegate.m in Sources */ = {isa = PBXBuildFile; fileRef = 8A47AD85171C6EFC00283AF9 /* AppDelegate.m */; };
		8A47AD94171C6EFC00283AF9 /* LetterButton.m in Sources */ = {isa = PBXBuildFile; fileRef = 8A47AD8B171C6EFC00283AF9 /* LetterButton.m */; };
		8A47AD97171C6EFC00283AF9 /* WordObj.m in Sources */ = {isa = PBXBuildFile; fileRef = 8A47AD90171C6EFC00283AF9 /* WordObj.m */; };
		8A47AD9F171C6F4000283AF9 /* GuessViewController.m in Sources */ = {isa = PBXBuildFile; fileRef = 8A47AD9A171C6F4000283AF9 /* GuessViewController.m */; };
		8A47ADA0171C6F4000283AF9 /* HintViewController.m in Sources */ = {isa = PBXBuildFile; fileRef = 8A47AD9C171C6F4000283AF9 /* HintViewController.m */; };
		8A47ADA1171C6F4000283AF9 /* LoginViewController.m in Sources */ = {isa = PBXBuildFile; fileRef = 8A47AD9E171C6F4000283AF9 /* LoginViewController.m */; };
		8A47ADAA171CA2EC00283AF9 /* CoinsController.m in Sources */ = {isa = PBXBuildFile; fileRef = 8A47ADA9171CA2EC00283AF9 /* CoinsController.m */; };
		8A67F4E6171B8BA8005385C2 /* WordAndHints.plist in Resources */ = {isa = PBXBuildFile; fileRef = 8A67F4E5171B8BA8005385C2 /* WordAndHints.plist */; };
/* End PBXBuildFile section */

/* Begin PBXFileReference section */
		2D08BA4F171DFF6800A1833A /* SlotMachine.h */ = {isa = PBXFileReference; fileEncoding = 4; lastKnownFileType = sourcecode.c.h; path = SlotMachine.h; sourceTree = "<group>"; };
		2D08BA50171DFF6800A1833A /* SlotMachine.m */ = {isa = PBXFileReference; fileEncoding = 4; lastKnownFileType = sourcecode.c.objc; path = SlotMachine.m; sourceTree = "<group>"; };
		2D08BA52171E08CD00A1833A /* SlotMachine.storyboard */ = {isa = PBXFileReference; fileEncoding = 4; lastKnownFileType = file.storyboard; path = SlotMachine.storyboard; sourceTree = "<group>"; };
		2D08BA54171E099100A1833A /* SlotMachineViewController.h */ = {isa = PBXFileReference; fileEncoding = 4; lastKnownFileType = sourcecode.c.h; path = SlotMachineViewController.h; sourceTree = "<group>"; };
		2D08BA55171E099100A1833A /* SlotMachineViewController.m */ = {isa = PBXFileReference; fileEncoding = 4; lastKnownFileType = sourcecode.c.objc; path = SlotMachineViewController.m; sourceTree = "<group>"; };
		2D62E2741718CDC700624AE1 /* FacebookSDK.framework */ = {isa = PBXFileReference; lastKnownFileType = wrapper.framework; path = FacebookSDK.framework; sourceTree = "<group>"; };
		2D62E2791718D15E00624AE1 /* libsqlite3.0.dylib */ = {isa = PBXFileReference; lastKnownFileType = "compiled.mach-o.dylib"; name = libsqlite3.0.dylib; path = usr/lib/libsqlite3.0.dylib; sourceTree = SDKROOT; };
		8A059778171887B900C09EEA /* Word4Words.app */ = {isa = PBXFileReference; explicitFileType = wrapper.application; includeInIndex = 0; path = Word4Words.app; sourceTree = BUILT_PRODUCTS_DIR; };
		8A05977B171887B900C09EEA /* UIKit.framework */ = {isa = PBXFileReference; lastKnownFileType = wrapper.framework; name = UIKit.framework; path = System/Library/Frameworks/UIKit.framework; sourceTree = SDKROOT; };
		8A05977D171887B900C09EEA /* Foundation.framework */ = {isa = PBXFileReference; lastKnownFileType = wrapper.framework; name = Foundation.framework; path = System/Library/Frameworks/Foundation.framework; sourceTree = SDKROOT; };
		8A05977F171887B900C09EEA /* CoreGraphics.framework */ = {isa = PBXFileReference; lastKnownFileType = wrapper.framework; name = CoreGraphics.framework; path = System/Library/Frameworks/CoreGraphics.framework; sourceTree = SDKROOT; };
		8A059783171887B900C09EEA /* Swizzle-Info.plist */ = {isa = PBXFileReference; lastKnownFileType = text.plist.xml; path = "Swizzle-Info.plist"; sourceTree = "<group>"; };
		8A059785171887B900C09EEA /* en */ = {isa = PBXFileReference; lastKnownFileType = text.plist.strings; name = en; path = en.lproj/InfoPlist.strings; sourceTree = "<group>"; };
		8A059787171887B900C09EEA /* main.m */ = {isa = PBXFileReference; lastKnownFileType = sourcecode.c.objc; path = main.m; sourceTree = "<group>"; };
		8A059789171887B900C09EEA /* Swizzle-Prefix.pch */ = {isa = PBXFileReference; lastKnownFileType = sourcecode.c.h; path = "Swizzle-Prefix.pch"; sourceTree = "<group>"; };
		8A05978D171887B900C09EEA /* Default.png */ = {isa = PBXFileReference; lastKnownFileType = image.png; path = Default.png; sourceTree = "<group>"; };
		8A05978F171887B900C09EEA /* Default@2x.png */ = {isa = PBXFileReference; lastKnownFileType = image.png; path = "Default@2x.png"; sourceTree = "<group>"; };
		8A059791171887B900C09EEA /* Default-568h@2x.png */ = {isa = PBXFileReference; lastKnownFileType = image.png; path = "Default-568h@2x.png"; sourceTree = "<group>"; };
		8A059794171887B900C09EEA /* en */ = {isa = PBXFileReference; lastKnownFileType = file.storyboard; name = en; path = en.lproj/MainStoryboard_iPhone.storyboard; sourceTree = "<group>"; };
		8A059797171887B900C09EEA /* en */ = {isa = PBXFileReference; lastKnownFileType = file.storyboard; name = en; path = en.lproj/MainStoryboard_iPad.storyboard; sourceTree = "<group>"; };
		8A0597A1171887CA00C09EEA /* Parse.framework */ = {isa = PBXFileReference; lastKnownFileType = wrapper.framework; path = Parse.framework; sourceTree = "<group>"; };
		8A0597A31718884600C09EEA /* AudioToolbox.framework */ = {isa = PBXFileReference; lastKnownFileType = wrapper.framework; name = AudioToolbox.framework; path = System/Library/Frameworks/AudioToolbox.framework; sourceTree = SDKROOT; };
		8A0597A51718884D00C09EEA /* CFNetwork.framework */ = {isa = PBXFileReference; lastKnownFileType = wrapper.framework; name = CFNetwork.framework; path = System/Library/Frameworks/CFNetwork.framework; sourceTree = SDKROOT; };
		8A0597A71718885E00C09EEA /* CoreLocation.framework */ = {isa = PBXFileReference; lastKnownFileType = wrapper.framework; name = CoreLocation.framework; path = System/Library/Frameworks/CoreLocation.framework; sourceTree = SDKROOT; };
		8A0597A91718886600C09EEA /* libz.1.1.3.dylib */ = {isa = PBXFileReference; lastKnownFileType = "compiled.mach-o.dylib"; name = libz.1.1.3.dylib; path = usr/lib/libz.1.1.3.dylib; sourceTree = SDKROOT; };
		8A0597AB1718886E00C09EEA /* MobileCoreServices.framework */ = {isa = PBXFileReference; lastKnownFileType = wrapper.framework; name = MobileCoreServices.framework; path = System/Library/Frameworks/MobileCoreServices.framework; sourceTree = SDKROOT; };
		8A0597AD1718887600C09EEA /* QuartzCore.framework */ = {isa = PBXFileReference; lastKnownFileType = wrapper.framework; name = QuartzCore.framework; path = System/Library/Frameworks/QuartzCore.framework; sourceTree = SDKROOT; };
		8A0597AF1718887D00C09EEA /* Security.framework */ = {isa = PBXFileReference; lastKnownFileType = wrapper.framework; name = Security.framework; path = System/Library/Frameworks/Security.framework; sourceTree = SDKROOT; };
		8A0597B11718888400C09EEA /* StoreKit.framework */ = {isa = PBXFileReference; lastKnownFileType = wrapper.framework; name = StoreKit.framework; path = System/Library/Frameworks/StoreKit.framework; sourceTree = SDKROOT; };
		8A0597B31718888B00C09EEA /* SystemConfiguration.framework */ = {isa = PBXFileReference; lastKnownFileType = wrapper.framework; name = SystemConfiguration.framework; path = System/Library/Frameworks/SystemConfiguration.framework; sourceTree = SDKROOT; };
		8A0597B5171888ED00C09EEA /* AdSupport.framework */ = {isa = PBXFileReference; lastKnownFileType = wrapper.framework; name = AdSupport.framework; path = System/Library/Frameworks/AdSupport.framework; sourceTree = SDKROOT; };
		8A0597B71718890200C09EEA /* Social.framework */ = {isa = PBXFileReference; lastKnownFileType = wrapper.framework; name = Social.framework; path = System/Library/Frameworks/Social.framework; sourceTree = SDKROOT; };
		8A0597B91718890D00C09EEA /* Accounts.framework */ = {isa = PBXFileReference; lastKnownFileType = wrapper.framework; name = Accounts.framework; path = System/Library/Frameworks/Accounts.framework; sourceTree = SDKROOT; };
		8A47AD84171C6EFC00283AF9 /* AppDelegate.h */ = {isa = PBXFileReference; fileEncoding = 4; lastKnownFileType = sourcecode.c.h; path = AppDelegate.h; sourceTree = "<group>"; };
		8A47AD85171C6EFC00283AF9 /* AppDelegate.m */ = {isa = PBXFileReference; fileEncoding = 4; lastKnownFileType = sourcecode.c.objc; path = AppDelegate.m; sourceTree = "<group>"; };
		8A47AD8A171C6EFC00283AF9 /* LetterButton.h */ = {isa = PBXFileReference; fileEncoding = 4; lastKnownFileType = sourcecode.c.h; path = LetterButton.h; sourceTree = "<group>"; };
		8A47AD8B171C6EFC00283AF9 /* LetterButton.m */ = {isa = PBXFileReference; fileEncoding = 4; lastKnownFileType = sourcecode.c.objc; path = LetterButton.m; sourceTree = "<group>"; };
		8A47AD8F171C6EFC00283AF9 /* WordObj.h */ = {isa = PBXFileReference; fileEncoding = 4; lastKnownFileType = sourcecode.c.h; path = WordObj.h; sourceTree = "<group>"; };
		8A47AD90171C6EFC00283AF9 /* WordObj.m */ = {isa = PBXFileReference; fileEncoding = 4; lastKnownFileType = sourcecode.c.objc; path = WordObj.m; sourceTree = "<group>"; };
		8A47AD99171C6F4000283AF9 /* GuessViewController.h */ = {isa = PBXFileReference; fileEncoding = 4; lastKnownFileType = sourcecode.c.h; path = GuessViewController.h; sourceTree = "<group>"; };
		8A47AD9A171C6F4000283AF9 /* GuessViewController.m */ = {isa = PBXFileReference; fileEncoding = 4; lastKnownFileType = sourcecode.c.objc; path = GuessViewController.m; sourceTree = "<group>"; };
		8A47AD9B171C6F4000283AF9 /* HintViewController.h */ = {isa = PBXFileReference; fileEncoding = 4; lastKnownFileType = sourcecode.c.h; path = HintViewController.h; sourceTree = "<group>"; };
		8A47AD9C171C6F4000283AF9 /* HintViewController.m */ = {isa = PBXFileReference; fileEncoding = 4; lastKnownFileType = sourcecode.c.objc; path = HintViewController.m; sourceTree = "<group>"; };
		8A47AD9D171C6F4000283AF9 /* LoginViewController.h */ = {isa = PBXFileReference; fileEncoding = 4; lastKnownFileType = sourcecode.c.h; path = LoginViewController.h; sourceTree = "<group>"; };
		8A47AD9E171C6F4000283AF9 /* LoginViewController.m */ = {isa = PBXFileReference; fileEncoding = 4; lastKnownFileType = sourcecode.c.objc; path = LoginViewController.m; sourceTree = "<group>"; };
		8A47ADA8171CA2EC00283AF9 /* CoinsController.h */ = {isa = PBXFileReference; fileEncoding = 4; lastKnownFileType = sourcecode.c.h; path = CoinsController.h; sourceTree = "<group>"; };
		8A47ADA9171CA2EC00283AF9 /* CoinsController.m */ = {isa = PBXFileReference; fileEncoding = 4; lastKnownFileType = sourcecode.c.objc; path = CoinsController.m; sourceTree = "<group>"; };
		8A67F4E5171B8BA8005385C2 /* WordAndHints.plist */ = {isa = PBXFileReference; fileEncoding = 4; lastKnownFileType = text.plist.xml; path = WordAndHints.plist; sourceTree = "<group>"; };
/* End PBXFileReference section */

/* Begin PBXFrameworksBuildPhase section */
		8A059775171887B900C09EEA /* Frameworks */ = {
			isa = PBXFrameworksBuildPhase;
			buildActionMask = 2147483647;
			files = (
				2D62E27A1718D15E00624AE1 /* libsqlite3.0.dylib in Frameworks */,
				8A0597BA1718890D00C09EEA /* Accounts.framework in Frameworks */,
				8A0597B81718890200C09EEA /* Social.framework in Frameworks */,
				8A0597B6171888ED00C09EEA /* AdSupport.framework in Frameworks */,
				8A0597B41718888B00C09EEA /* SystemConfiguration.framework in Frameworks */,
				8A0597B21718888400C09EEA /* StoreKit.framework in Frameworks */,
				8A0597B01718887D00C09EEA /* Security.framework in Frameworks */,
				8A0597AE1718887600C09EEA /* QuartzCore.framework in Frameworks */,
				8A0597AC1718886E00C09EEA /* MobileCoreServices.framework in Frameworks */,
				8A0597AA1718886600C09EEA /* libz.1.1.3.dylib in Frameworks */,
				8A0597A81718885E00C09EEA /* CoreLocation.framework in Frameworks */,
				8A059780171887B900C09EEA /* CoreGraphics.framework in Frameworks */,
				8A0597A61718884D00C09EEA /* CFNetwork.framework in Frameworks */,
				8A0597A41718884600C09EEA /* AudioToolbox.framework in Frameworks */,
				8A05977C171887B900C09EEA /* UIKit.framework in Frameworks */,
				8A05977E171887B900C09EEA /* Foundation.framework in Frameworks */,
				8A0597A2171887CA00C09EEA /* Parse.framework in Frameworks */,
				2D62E2751718CDC700624AE1 /* FacebookSDK.framework in Frameworks */,
			);
			runOnlyForDeploymentPostprocessing = 0;
		};
/* End PBXFrameworksBuildPhase section */

/* Begin PBXGroup section */
		8A05976F171887B900C09EEA = {
			isa = PBXGroup;
			children = (
				2D62E2791718D15E00624AE1 /* libsqlite3.0.dylib */,
				8A059781171887B900C09EEA /* Swizzle */,
				8A05977A171887B900C09EEA /* Frameworks */,
				8A059779171887B900C09EEA /* Products */,
			);
			sourceTree = "<group>";
		};
		8A059779171887B900C09EEA /* Products */ = {
			isa = PBXGroup;
			children = (
				8A059778171887B900C09EEA /* Word4Words.app */,
			);
			name = Products;
			sourceTree = "<group>";
		};
		8A05977A171887B900C09EEA /* Frameworks */ = {
			isa = PBXGroup;
			children = (
				2D62E2741718CDC700624AE1 /* FacebookSDK.framework */,
				8A0597B91718890D00C09EEA /* Accounts.framework */,
				8A0597B71718890200C09EEA /* Social.framework */,
				8A0597B5171888ED00C09EEA /* AdSupport.framework */,
				8A0597B31718888B00C09EEA /* SystemConfiguration.framework */,
				8A0597B11718888400C09EEA /* StoreKit.framework */,
				8A0597AF1718887D00C09EEA /* Security.framework */,
				8A0597AD1718887600C09EEA /* QuartzCore.framework */,
				8A0597AB1718886E00C09EEA /* MobileCoreServices.framework */,
				8A0597A91718886600C09EEA /* libz.1.1.3.dylib */,
				8A0597A71718885E00C09EEA /* CoreLocation.framework */,
				8A0597A51718884D00C09EEA /* CFNetwork.framework */,
				8A0597A31718884600C09EEA /* AudioToolbox.framework */,
				8A0597A1171887CA00C09EEA /* Parse.framework */,
				8A05977B171887B900C09EEA /* UIKit.framework */,
				8A05977D171887B900C09EEA /* Foundation.framework */,
				8A05977F171887B900C09EEA /* CoreGraphics.framework */,
			);
			name = Frameworks;
			sourceTree = "<group>";
		};
		8A059781171887B900C09EEA /* Swizzle */ = {
			isa = PBXGroup;
			children = (
				8A059793171887B900C09EEA /* MainStoryboard_iPhone.storyboard */,
				8A059796171887B900C09EEA /* MainStoryboard_iPad.storyboard */,
				2D08BA52171E08CD00A1833A /* SlotMachine.storyboard */,
				8A47AD83171C6EFC00283AF9 /* Classes */,
				8A67F4E4171B8B8D005385C2 /* Resources */,
				8A059782171887B900C09EEA /* Supporting Files */,
			);
			path = Swizzle;
			sourceTree = "<group>";
		};
		8A059782171887B900C09EEA /* Supporting Files */ = {
			isa = PBXGroup;
			children = (
				8A059783171887B900C09EEA /* Swizzle-Info.plist */,
				8A059784171887B900C09EEA /* InfoPlist.strings */,
				8A059787171887B900C09EEA /* main.m */,
				8A059789171887B900C09EEA /* Swizzle-Prefix.pch */,
				8A05978D171887B900C09EEA /* Default.png */,
				8A05978F171887B900C09EEA /* Default@2x.png */,
				8A059791171887B900C09EEA /* Default-568h@2x.png */,
			);
			name = "Supporting Files";
			sourceTree = "<group>";
		};
		8A47AD83171C6EFC00283AF9 /* Classes */ = {
			isa = PBXGroup;
			children = (
				8A47AD84171C6EFC00283AF9 /* AppDelegate.h */,
				8A47AD85171C6EFC00283AF9 /* AppDelegate.m */,
				8A47AD8A171C6EFC00283AF9 /* LetterButton.h */,
				8A47AD8B171C6EFC00283AF9 /* LetterButton.m */,
				8A47ADA8171CA2EC00283AF9 /* CoinsController.h */,
				8A47ADA9171CA2EC00283AF9 /* CoinsController.m */,
				8A47AD8F171C6EFC00283AF9 /* WordObj.h */,
				8A47AD90171C6EFC00283AF9 /* WordObj.m */,
				2D08BA4F171DFF6800A1833A /* SlotMachine.h */,
				2D08BA50171DFF6800A1833A /* SlotMachine.m */,
				8A47AD98171C6F4000283AF9 /* ViewControllers */,
			);
			path = Classes;
			sourceTree = "<group>";
		};
		8A47AD98171C6F4000283AF9 /* ViewControllers */ = {
			isa = PBXGroup;
			children = (
				2D08BA54171E099100A1833A /* SlotMachineViewController.h */,
				2D08BA55171E099100A1833A /* SlotMachineViewController.m */,
				8A47AD99171C6F4000283AF9 /* GuessViewController.h */,
				8A47AD9A171C6F4000283AF9 /* GuessViewController.m */,
				8A47AD9B171C6F4000283AF9 /* HintViewController.h */,
				8A47AD9C171C6F4000283AF9 /* HintViewController.m */,
				8A47AD9D171C6F4000283AF9 /* LoginViewController.h */,
				8A47AD9E171C6F4000283AF9 /* LoginViewController.m */,
			);
			path = ViewControllers;
			sourceTree = "<group>";
		};
		8A67F4E4171B8B8D005385C2 /* Resources */ = {
			isa = PBXGroup;
			children = (
				8A67F4E5171B8BA8005385C2 /* WordAndHints.plist */,
			);
			path = Resources;
			sourceTree = "<group>";
		};
/* End PBXGroup section */

/* Begin PBXNativeTarget section */
		8A059777171887B900C09EEA /* Swizzle */ = {
			isa = PBXNativeTarget;
			buildConfigurationList = 8A05979E171887B900C09EEA /* Build configuration list for PBXNativeTarget "Swizzle" */;
			buildPhases = (
				8A059774171887B900C09EEA /* Sources */,
				8A059775171887B900C09EEA /* Frameworks */,
				8A059776171887B900C09EEA /* Resources */,
			);
			buildRules = (
			);
			dependencies = (
			);
			name = Swizzle;
			productName = Swizzle;
			productReference = 8A059778171887B900C09EEA /* Word4Words.app */;
			productType = "com.apple.product-type.application";
		};
/* End PBXNativeTarget section */

/* Begin PBXProject section */
		8A059770171887B900C09EEA /* Project object */ = {
			isa = PBXProject;
			attributes = {
				LastUpgradeCheck = 0460;
				ORGANIZATIONNAME = "Lance Hughes";
			};
			buildConfigurationList = 8A059773171887B900C09EEA /* Build configuration list for PBXProject "Swizzle" */;
			compatibilityVersion = "Xcode 3.2";
			developmentRegion = English;
			hasScannedForEncodings = 0;
			knownRegions = (
				en,
			);
			mainGroup = 8A05976F171887B900C09EEA;
			productRefGroup = 8A059779171887B900C09EEA /* Products */;
			projectDirPath = "";
			projectRoot = "";
			targets = (
				8A059777171887B900C09EEA /* Swizzle */,
			);
		};
/* End PBXProject section */

/* Begin PBXResourcesBuildPhase section */
		8A059776171887B900C09EEA /* Resources */ = {
			isa = PBXResourcesBuildPhase;
			buildActionMask = 2147483647;
			files = (
				8A059786171887B900C09EEA /* InfoPlist.strings in Resources */,
				8A05978E171887B900C09EEA /* Default.png in Resources */,
				8A059790171887B900C09EEA /* Default@2x.png in Resources */,
				8A059792171887B900C09EEA /* Default-568h@2x.png in Resources */,
				8A059795171887B900C09EEA /* MainStoryboard_iPhone.storyboard in Resources */,
				8A059798171887B900C09EEA /* MainStoryboard_iPad.storyboard in Resources */,
				8A67F4E6171B8BA8005385C2 /* WordAndHints.plist in Resources */,
				2D08BA53171E08CD00A1833A /* SlotMachine.storyboard in Resources */,
			);
			runOnlyForDeploymentPostprocessing = 0;
		};
/* End PBXResourcesBuildPhase section */

/* Begin PBXSourcesBuildPhase section */
		8A059774171887B900C09EEA /* Sources */ = {
			isa = PBXSourcesBuildPhase;
			buildActionMask = 2147483647;
			files = (
				8A059788171887B900C09EEA /* main.m in Sources */,
				8A47AD91171C6EFC00283AF9 /* AppDelegate.m in Sources */,
				8A47AD94171C6EFC00283AF9 /* LetterButton.m in Sources */,
				8A47AD97171C6EFC00283AF9 /* WordObj.m in Sources */,
				8A47AD9F171C6F4000283AF9 /* GuessViewController.m in Sources */,
				8A47ADA0171C6F4000283AF9 /* HintViewController.m in Sources */,
				8A47ADA1171C6F4000283AF9 /* LoginViewController.m in Sources */,
				8A47ADAA171CA2EC00283AF9 /* CoinsController.m in Sources */,
				2D08BA51171DFF6800A1833A /* SlotMachine.m in Sources */,
				2D08BA56171E099100A1833A /* SlotMachineViewController.m in Sources */,
			);
			runOnlyForDeploymentPostprocessing = 0;
		};
/* End PBXSourcesBuildPhase section */

/* Begin PBXVariantGroup section */
		8A059784171887B900C09EEA /* InfoPlist.strings */ = {
			isa = PBXVariantGroup;
			children = (
				8A059785171887B900C09EEA /* en */,
			);
			name = InfoPlist.strings;
			sourceTree = "<group>";
		};
		8A059793171887B900C09EEA /* MainStoryboard_iPhone.storyboard */ = {
			isa = PBXVariantGroup;
			children = (
				8A059794171887B900C09EEA /* en */,
			);
			name = MainStoryboard_iPhone.storyboard;
			sourceTree = "<group>";
		};
		8A059796171887B900C09EEA /* MainStoryboard_iPad.storyboard */ = {
			isa = PBXVariantGroup;
			children = (
				8A059797171887B900C09EEA /* en */,
			);
			name = MainStoryboard_iPad.storyboard;
			sourceTree = "<group>";
		};
/* End PBXVariantGroup section */

/* Begin XCBuildConfiguration section */
		8A05979C171887B900C09EEA /* Debug */ = {
			isa = XCBuildConfiguration;
			buildSettings = {
				ALWAYS_SEARCH_USER_PATHS = NO;
				CLANG_CXX_LANGUAGE_STANDARD = "gnu++0x";
				CLANG_CXX_LIBRARY = "libc++";
				CLANG_ENABLE_OBJC_ARC = YES;
				CLANG_WARN_CONSTANT_CONVERSION = YES;
				CLANG_WARN_EMPTY_BODY = YES;
				CLANG_WARN_ENUM_CONVERSION = YES;
				CLANG_WARN_INT_CONVERSION = YES;
				CLANG_WARN__DUPLICATE_METHOD_MATCH = YES;
				"CODE_SIGN_IDENTITY[sdk=iphoneos*]" = "iPhone Developer";
				COPY_PHASE_STRIP = NO;
				GCC_C_LANGUAGE_STANDARD = gnu99;
				GCC_DYNAMIC_NO_PIC = NO;
				GCC_OPTIMIZATION_LEVEL = 0;
				GCC_PREPROCESSOR_DEFINITIONS = (
					"DEBUG=1",
					"$(inherited)",
				);
				GCC_SYMBOLS_PRIVATE_EXTERN = NO;
				GCC_WARN_ABOUT_RETURN_TYPE = YES;
				GCC_WARN_UNINITIALIZED_AUTOS = YES;
				GCC_WARN_UNUSED_VARIABLE = YES;
				IPHONEOS_DEPLOYMENT_TARGET = 6.1;
				ONLY_ACTIVE_ARCH = YES;
				SDKROOT = iphoneos;
				TARGETED_DEVICE_FAMILY = "1,2";
			};
			name = Debug;
		};
		8A05979D171887B900C09EEA /* Release */ = {
			isa = XCBuildConfiguration;
			buildSettings = {
				ALWAYS_SEARCH_USER_PATHS = NO;
				CLANG_CXX_LANGUAGE_STANDARD = "gnu++0x";
				CLANG_CXX_LIBRARY = "libc++";
				CLANG_ENABLE_OBJC_ARC = YES;
				CLANG_WARN_CONSTANT_CONVERSION = YES;
				CLANG_WARN_EMPTY_BODY = YES;
				CLANG_WARN_ENUM_CONVERSION = YES;
				CLANG_WARN_INT_CONVERSION = YES;
				CLANG_WARN__DUPLICATE_METHOD_MATCH = YES;
				"CODE_SIGN_IDENTITY[sdk=iphoneos*]" = "iPhone Developer";
				COPY_PHASE_STRIP = YES;
				GCC_C_LANGUAGE_STANDARD = gnu99;
				GCC_WARN_ABOUT_RETURN_TYPE = YES;
				GCC_WARN_UNINITIALIZED_AUTOS = YES;
				GCC_WARN_UNUSED_VARIABLE = YES;
				IPHONEOS_DEPLOYMENT_TARGET = 6.1;
				OTHER_CFLAGS = "-DNS_BLOCK_ASSERTIONS=1";
				SDKROOT = iphoneos;
				TARGETED_DEVICE_FAMILY = "1,2";
				VALIDATE_PRODUCT = YES;
			};
			name = Release;
		};
		8A05979F171887B900C09EEA /* Debug */ = {
			isa = XCBuildConfiguration;
			buildSettings = {
				FRAMEWORK_SEARCH_PATHS = (
					"$(inherited)",
					"\"$(SRCROOT)\"",
				);
				GCC_PRECOMPILE_PREFIX_HEADER = YES;
				GCC_PREFIX_HEADER = "Swizzle/Swizzle-Prefix.pch";
				INFOPLIST_FILE = "Swizzle/Swizzle-Info.plist";
				IPHONEOS_DEPLOYMENT_TARGET = 5.0;
				PRODUCT_NAME = Word4Words;
				WRAPPER_EXTENSION = app;
			};
			name = Debug;
		};
		8A0597A0171887B900C09EEA /* Release */ = {
			isa = XCBuildConfiguration;
			buildSettings = {
				FRAMEWORK_SEARCH_PATHS = (
					"$(inherited)",
					"\"$(SRCROOT)\"",
				);
				GCC_PRECOMPILE_PREFIX_HEADER = YES;
				GCC_PREFIX_HEADER = "Swizzle/Swizzle-Prefix.pch";
				INFOPLIST_FILE = "Swizzle/Swizzle-Info.plist";
				IPHONEOS_DEPLOYMENT_TARGET = 5.0;
				PRODUCT_NAME = Word4Words;
				WRAPPER_EXTENSION = app;
			};
			name = Release;
		};
/* End XCBuildConfiguration section */

/* Begin XCConfigurationList section */
		8A059773171887B900C09EEA /* Build configuration list for PBXProject "Swizzle" */ = {
			isa = XCConfigurationList;
			buildConfigurations = (
				8A05979C171887B900C09EEA /* Debug */,
				8A05979D171887B900C09EEA /* Release */,
			);
			defaultConfigurationIsVisible = 0;
			defaultConfigurationName = Release;
		};
		8A05979E171887B900C09EEA /* Build configuration list for PBXNativeTarget "Swizzle" */ = {
			isa = XCConfigurationList;
			buildConfigurations = (
				8A05979F171887B900C09EEA /* Debug */,
				8A0597A0171887B900C09EEA /* Release */,
			);
			defaultConfigurationIsVisible = 0;
			defaultConfigurationName = Release;
		};
/* End XCConfigurationList section */
	};
	rootObject = 8A059770171887B900C09EEA /* Project object */;
}
